// !$*UTF8*$!
{
	archiveVersion = 1;
	classes = {
	};
	objectVersion = 46;
	objects = {

/* Begin PBXBuildFile section */
		917081101CEC7C8C00FF55B2 /* CollectionViewController.m in Sources */ = {isa = PBXBuildFile; fileRef = 9170810F1CEC7C8C00FF55B2 /* CollectionViewController.m */; };
		91D616A81CEC7A890045A5E5 /* main.m in Sources */ = {isa = PBXBuildFile; fileRef = 91D616A71CEC7A890045A5E5 /* main.m */; };
		91D616AB1CEC7A890045A5E5 /* AppDelegate.m in Sources */ = {isa = PBXBuildFile; fileRef = 91D616AA1CEC7A890045A5E5 /* AppDelegate.m */; };
		91D616B11CEC7A890045A5E5 /* Main.storyboard in Resources */ = {isa = PBXBuildFile; fileRef = 91D616AF1CEC7A890045A5E5 /* Main.storyboard */; };
		91D616B31CEC7A890045A5E5 /* Assets.xcassets in Resources */ = {isa = PBXBuildFile; fileRef = 91D616B21CEC7A890045A5E5 /* Assets.xcassets */; };
		91D616B61CEC7A890045A5E5 /* LaunchScreen.storyboard in Resources */ = {isa = PBXBuildFile; fileRef = 91D616B41CEC7A890045A5E5 /* LaunchScreen.storyboard */; };
		91D616C11CEC7A890045A5E5 /* CollectionViewTests.m in Sources */ = {isa = PBXBuildFile; fileRef = 91D616C01CEC7A890045A5E5 /* CollectionViewTests.m */; };
		91D616CC1CEC7A890045A5E5 /* CollectionViewUITests.m in Sources */ = {isa = PBXBuildFile; fileRef = 91D616CB1CEC7A890045A5E5 /* CollectionViewUITests.m */; };
		91F532341CEDB1DD001E2C9D /* CollectionViewCell.m in Sources */ = {isa = PBXBuildFile; fileRef = 91F532331CEDB1DD001E2C9D /* CollectionViewCell.m */; };
/* End PBXBuildFile section */

/* Begin PBXContainerItemProxy section */
		91D616BD1CEC7A890045A5E5 /* PBXContainerItemProxy */ = {
			isa = PBXContainerItemProxy;
			containerPortal = 91D6169B1CEC7A890045A5E5 /* Project object */;
			proxyType = 1;
			remoteGlobalIDString = 91D616A21CEC7A890045A5E5;
			remoteInfo = CollectionView;
		};
		91D616C81CEC7A890045A5E5 /* PBXContainerItemProxy */ = {
			isa = PBXContainerItemProxy;
			containerPortal = 91D6169B1CEC7A890045A5E5 /* Project object */;
			proxyType = 1;
			remoteGlobalIDString = 91D616A21CEC7A890045A5E5;
			remoteInfo = CollectionView;
		};
/* End PBXContainerItemProxy section */

/* Begin PBXFileReference section */
		9170810E1CEC7C8C00FF55B2 /* CollectionViewController.h */ = {isa = PBXFileReference; fileEncoding = 4; lastKnownFileType = sourcecode.c.h; path = CollectionViewController.h; sourceTree = "<group>"; };
		9170810F1CEC7C8C00FF55B2 /* CollectionViewController.m */ = {isa = PBXFileReference; fileEncoding = 4; lastKnownFileType = sourcecode.c.objc; path = CollectionViewController.m; sourceTree = "<group>"; };
		91D616A31CEC7A890045A5E5 /* CollectionView.app */ = {isa = PBXFileReference; explicitFileType = wrapper.application; includeInIndex = 0; path = CollectionView.app; sourceTree = BUILT_PRODUCTS_DIR; };
		91D616A71CEC7A890045A5E5 /* main.m */ = {isa = PBXFileReference; lastKnownFileType = sourcecode.c.objc; path = main.m; sourceTree = "<group>"; };
		91D616A91CEC7A890045A5E5 /* AppDelegate.h */ = {isa = PBXFileReference; lastKnownFileType = sourcecode.c.h; path = AppDelegate.h; sourceTree = "<group>"; };
		91D616AA1CEC7A890045A5E5 /* AppDelegate.m */ = {isa = PBXFileReference; lastKnownFileType = sourcecode.c.objc; path = AppDelegate.m; sourceTree = "<group>"; };
		91D616B01CEC7A890045A5E5 /* Base */ = {isa = PBXFileReference; lastKnownFileType = file.storyboard; name = Base; path = Base.lproj/Main.storyboard; sourceTree = "<group>"; };
		91D616B21CEC7A890045A5E5 /* Assets.xcassets */ = {isa = PBXFileReference; lastKnownFileType = folder.assetcatalog; path = Assets.xcassets; sourceTree = "<group>"; };
		91D616B51CEC7A890045A5E5 /* Base */ = {isa = PBXFileReference; lastKnownFileType = file.storyboard; name = Base; path = Base.lproj/LaunchScreen.storyboard; sourceTree = "<group>"; };
		91D616B71CEC7A890045A5E5 /* Info.plist */ = {isa = PBXFileReference; lastKnownFileType = text.plist.xml; path = Info.plist; sourceTree = "<group>"; };
		91D616BC1CEC7A890045A5E5 /* CollectionViewTests.xctest */ = {isa = PBXFileReference; explicitFileType = wrapper.cfbundle; includeInIndex = 0; path = CollectionViewTests.xctest; sourceTree = BUILT_PRODUCTS_DIR; };
		91D616C01CEC7A890045A5E5 /* CollectionViewTests.m */ = {isa = PBXFileReference; lastKnownFileType = sourcecode.c.objc; path = CollectionViewTests.m; sourceTree = "<group>"; };
		91D616C21CEC7A890045A5E5 /* Info.plist */ = {isa = PBXFileReference; lastKnownFileType = text.plist.xml; path = Info.plist; sourceTree = "<group>"; };
		91D616C71CEC7A890045A5E5 /* CollectionViewUITests.xctest */ = {isa = PBXFileReference; explicitFileType = wrapper.cfbundle; includeInIndex = 0; path = CollectionViewUITests.xctest; sourceTree = BUILT_PRODUCTS_DIR; };
		91D616CB1CEC7A890045A5E5 /* CollectionViewUITests.m */ = {isa = PBXFileReference; lastKnownFileType = sourcecode.c.objc; path = CollectionViewUITests.m; sourceTree = "<group>"; };
		91D616CD1CEC7A890045A5E5 /* Info.plist */ = {isa = PBXFileReference; lastKnownFileType = text.plist.xml; path = Info.plist; sourceTree = "<group>"; };
		91F532321CEDB1DD001E2C9D /* CollectionViewCell.h */ = {isa = PBXFileReference; fileEncoding = 4; lastKnownFileType = sourcecode.c.h; path = CollectionViewCell.h; sourceTree = "<group>"; };
		91F532331CEDB1DD001E2C9D /* CollectionViewCell.m */ = {isa = PBXFileReference; fileEncoding = 4; lastKnownFileType = sourcecode.c.objc; path = CollectionViewCell.m; sourceTree = "<group>"; };
/* End PBXFileReference section */

/* Begin PBXFrameworksBuildPhase section */
		91D616A01CEC7A890045A5E5 /* Frameworks */ = {
			isa = PBXFrameworksBuildPhase;
			buildActionMask = 2147483647;
			files = (
			);
			runOnlyForDeploymentPostprocessing = 0;
		};
		91D616B91CEC7A890045A5E5 /* Frameworks */ = {
			isa = PBXFrameworksBuildPhase;
			buildActionMask = 2147483647;
			files = (
			);
			runOnlyForDeploymentPostprocessing = 0;
		};
		91D616C41CEC7A890045A5E5 /* Frameworks */ = {
			isa = PBXFrameworksBuildPhase;
			buildActionMask = 2147483647;
			files = (
			);
			runOnlyForDeploymentPostprocessing = 0;
		};
/* End PBXFrameworksBuildPhase section */

/* Begin PBXGroup section */
		91D6169A1CEC7A890045A5E5 = {
			isa = PBXGroup;
			children = (
				91D616A51CEC7A890045A5E5 /* CollectionView */,
				91D616BF1CEC7A890045A5E5 /* CollectionViewTests */,
				91D616CA1CEC7A890045A5E5 /* CollectionViewUITests */,
				91D616A41CEC7A890045A5E5 /* Products */,
			);
			sourceTree = "<group>";
		};
		91D616A41CEC7A890045A5E5 /* Products */ = {
			isa = PBXGroup;
			children = (
				91D616A31CEC7A890045A5E5 /* CollectionView.app */,
				91D616BC1CEC7A890045A5E5 /* CollectionViewTests.xctest */,
				91D616C71CEC7A890045A5E5 /* CollectionViewUITests.xctest */,
			);
			name = Products;
			sourceTree = "<group>";
		};
		91D616A51CEC7A890045A5E5 /* CollectionView */ = {
			isa = PBXGroup;
			children = (
				91D616A91CEC7A890045A5E5 /* AppDelegate.h */,
				91D616AA1CEC7A890045A5E5 /* AppDelegate.m */,
				9170810E1CEC7C8C00FF55B2 /* CollectionViewController.h */,
				9170810F1CEC7C8C00FF55B2 /* CollectionViewController.m */,
				91F532321CEDB1DD001E2C9D /* CollectionViewCell.h */,
				91F532331CEDB1DD001E2C9D /* CollectionViewCell.m */,
				91D616AF1CEC7A890045A5E5 /* Main.storyboard */,
				91D616B21CEC7A890045A5E5 /* Assets.xcassets */,
				91D616B41CEC7A890045A5E5 /* LaunchScreen.storyboard */,
				91D616B71CEC7A890045A5E5 /* Info.plist */,
				91D616A61CEC7A890045A5E5 /* Supporting Files */,
			);
			path = CollectionView;
			sourceTree = "<group>";
		};
		91D616A61CEC7A890045A5E5 /* Supporting Files */ = {
			isa = PBXGroup;
			children = (
				91D616A71CEC7A890045A5E5 /* main.m */,
			);
			name = "Supporting Files";
			sourceTree = "<group>";
		};
		91D616BF1CEC7A890045A5E5 /* CollectionViewTests */ = {
			isa = PBXGroup;
			children = (
				91D616C01CEC7A890045A5E5 /* CollectionViewTests.m */,
				91D616C21CEC7A890045A5E5 /* Info.plist */,
			);
			path = CollectionViewTests;
			sourceTree = "<group>";
		};
		91D616CA1CEC7A890045A5E5 /* CollectionViewUITests */ = {
			isa = PBXGroup;
			children = (
				91D616CB1CEC7A890045A5E5 /* CollectionViewUITests.m */,
				91D616CD1CEC7A890045A5E5 /* Info.plist */,
			);
			path = CollectionViewUITests;
			sourceTree = "<group>";
		};
/* End PBXGroup section */

/* Begin PBXNativeTarget section */
		91D616A21CEC7A890045A5E5 /* CollectionView */ = {
			isa = PBXNativeTarget;
			buildConfigurationList = 91D616D01CEC7A890045A5E5 /* Build configuration list for PBXNativeTarget "CollectionView" */;
			buildPhases = (
				91D6169F1CEC7A890045A5E5 /* Sources */,
				91D616A01CEC7A890045A5E5 /* Frameworks */,
				91D616A11CEC7A890045A5E5 /* Resources */,
			);
			buildRules = (
			);
			dependencies = (
			);
			name = CollectionView;
			productName = CollectionView;
			productReference = 91D616A31CEC7A890045A5E5 /* CollectionView.app */;
			productType = "com.apple.product-type.application";
		};
		91D616BB1CEC7A890045A5E5 /* CollectionViewTests */ = {
			isa = PBXNativeTarget;
			buildConfigurationList = 91D616D31CEC7A890045A5E5 /* Build configuration list for PBXNativeTarget "CollectionViewTests" */;
			buildPhases = (
				91D616B81CEC7A890045A5E5 /* Sources */,
				91D616B91CEC7A890045A5E5 /* Frameworks */,
				91D616BA1CEC7A890045A5E5 /* Resources */,
			);
			buildRules = (
			);
			dependencies = (
				91D616BE1CEC7A890045A5E5 /* PBXTargetDependency */,
			);
			name = CollectionViewTests;
			productName = CollectionViewTests;
			productReference = 91D616BC1CEC7A890045A5E5 /* CollectionViewTests.xctest */;
			productType = "com.apple.product-type.bundle.unit-test";
		};
		91D616C61CEC7A890045A5E5 /* CollectionViewUITests */ = {
			isa = PBXNativeTarget;
			buildConfigurationList = 91D616D61CEC7A890045A5E5 /* Build configuration list for PBXNativeTarget "CollectionViewUITests" */;
			buildPhases = (
				91D616C31CEC7A890045A5E5 /* Sources */,
				91D616C41CEC7A890045A5E5 /* Frameworks */,
				91D616C51CEC7A890045A5E5 /* Resources */,
			);
			buildRules = (
			);
			dependencies = (
				91D616C91CEC7A890045A5E5 /* PBXTargetDependency */,
			);
			name = CollectionViewUITests;
			productName = CollectionViewUITests;
			productReference = 91D616C71CEC7A890045A5E5 /* CollectionViewUITests.xctest */;
			productType = "com.apple.product-type.bundle.ui-testing";
		};
/* End PBXNativeTarget section */

/* Begin PBXProject section */
		91D6169B1CEC7A890045A5E5 /* Project object */ = {
			isa = PBXProject;
			attributes = {
				LastUpgradeCheck = 0730;
				ORGANIZATIONNAME = "Artyom Linnik";
				TargetAttributes = {
					91D616A21CEC7A890045A5E5 = {
						CreatedOnToolsVersion = 7.3.1;
						DevelopmentTeam = 4Q78V6U8FD;
					};
					91D616BB1CEC7A890045A5E5 = {
						CreatedOnToolsVersion = 7.3.1;
						DevelopmentTeam = 4Q78V6U8FD;
						TestTargetID = 91D616A21CEC7A890045A5E5;
					};
					91D616C61CEC7A890045A5E5 = {
						CreatedOnToolsVersion = 7.3.1;
						DevelopmentTeam = 4Q78V6U8FD;
						TestTargetID = 91D616A21CEC7A890045A5E5;
					};
				};
			};
			buildConfigurationList = 91D6169E1CEC7A890045A5E5 /* Build configuration list for PBXProject "CollectionView" */;
			compatibilityVersion = "Xcode 3.2";
			developmentRegion = English;
			hasScannedForEncodings = 0;
			knownRegions = (
				en,
				Base,
			);
			mainGroup = 91D6169A1CEC7A890045A5E5;
			productRefGroup = 91D616A41CEC7A890045A5E5 /* Products */;
			projectDirPath = "";
			projectRoot = "";
			targets = (
				91D616A21CEC7A890045A5E5 /* CollectionView */,
				91D616BB1CEC7A890045A5E5 /* CollectionViewTests */,
				91D616C61CEC7A890045A5E5 /* CollectionViewUITests */,
			);
		};
/* End PBXProject section */

/* Begin PBXResourcesBuildPhase section */
		91D616A11CEC7A890045A5E5 /* Resources */ = {
			isa = PBXResourcesBuildPhase;
			buildActionMask = 2147483647;
			files = (
				91D616B61CEC7A890045A5E5 /* LaunchScreen.storyboard in Resources */,
				91D616B31CEC7A890045A5E5 /* Assets.xcassets in Resources */,
				91D616B11CEC7A890045A5E5 /* Main.storyboard in Resources */,
			);
			runOnlyForDeploymentPostprocessing = 0;
		};
		91D616BA1CEC7A890045A5E5 /* Resources */ = {
			isa = PBXResourcesBuildPhase;
			buildActionMask = 2147483647;
			files = (
			);
			runOnlyForDeploymentPostprocessing = 0;
		};
		91D616C51CEC7A890045A5E5 /* Resources */ = {
			isa = PBXResourcesBuildPhase;
			buildActionMask = 2147483647;
			files = (
			);
			runOnlyForDeploymentPostprocessing = 0;
		};
/* End PBXResourcesBuildPhase section */

/* Begin PBXSourcesBuildPhase section */
		91D6169F1CEC7A890045A5E5 /* Sources */ = {
			isa = PBXSourcesBuildPhase;
			buildActionMask = 2147483647;
			files = (
				91D616AB1CEC7A890045A5E5 /* AppDelegate.m in Sources */,
				91D616A81CEC7A890045A5E5 /* main.m in Sources */,
				91F532341CEDB1DD001E2C9D /* CollectionViewCell.m in Sources */,
				917081101CEC7C8C00FF55B2 /* CollectionViewController.m in Sources */,
			);
			runOnlyForDeploymentPostprocessing = 0;
		};
		91D616B81CEC7A890045A5E5 /* Sources */ = {
			isa = PBXSourcesBuildPhase;
			buildActionMask = 2147483647;
			files = (
				91D616C11CEC7A890045A5E5 /* CollectionViewTests.m in Sources */,
			);
			runOnlyForDeploymentPostprocessing = 0;
		};
		91D616C31CEC7A890045A5E5 /* Sources */ = {
			isa = PBXSourcesBuildPhase;
			buildActionMask = 2147483647;
			files = (
				91D616CC1CEC7A890045A5E5 /* CollectionViewUITests.m in Sources */,
			);
			runOnlyForDeploymentPostprocessing = 0;
		};
/* End PBXSourcesBuildPhase section */

/* Begin PBXTargetDependency section */
		91D616BE1CEC7A890045A5E5 /* PBXTargetDependency */ = {
			isa = PBXTargetDependency;
			target = 91D616A21CEC7A890045A5E5 /* CollectionView */;
			targetProxy = 91D616BD1CEC7A890045A5E5 /* PBXContainerItemProxy */;
		};
		91D616C91CEC7A890045A5E5 /* PBXTargetDependency */ = {
			isa = PBXTargetDependency;
			target = 91D616A21CEC7A890045A5E5 /* CollectionView */;
			targetProxy = 91D616C81CEC7A890045A5E5 /* PBXContainerItemProxy */;
		};
/* End PBXTargetDependency section */

/* Begin PBXVariantGroup section */
		91D616AF1CEC7A890045A5E5 /* Main.storyboard */ = {
			isa = PBXVariantGroup;
			children = (
				91D616B01CEC7A890045A5E5 /* Base */,
			);
			name = Main.storyboard;
			sourceTree = "<group>";
		};
		91D616B41CEC7A890045A5E5 /* LaunchScreen.storyboard */ = {
			isa = PBXVariantGroup;
			children = (
				91D616B51CEC7A890045A5E5 /* Base */,
			);
			name = LaunchScreen.storyboard;
			sourceTree = "<group>";
		};
/* End PBXVariantGroup section */

/* Begin XCBuildConfiguration section */
		91D616CE1CEC7A890045A5E5 /* Debug */ = {
			isa = XCBuildConfiguration;
			buildSettings = {
				ALWAYS_SEARCH_USER_PATHS = NO;
				CLANG_ANALYZER_NONNULL = YES;
				CLANG_CXX_LANGUAGE_STANDARD = "gnu++0x";
				CLANG_CXX_LIBRARY = "libc++";
				CLANG_ENABLE_MODULES = YES;
				CLANG_ENABLE_OBJC_ARC = YES;
				CLANG_WARN_BOOL_CONVERSION = YES;
				CLANG_WARN_CONSTANT_CONVERSION = YES;
				CLANG_WARN_DIRECT_OBJC_ISA_USAGE = YES_ERROR;
				CLANG_WARN_EMPTY_BODY = YES;
				CLANG_WARN_ENUM_CONVERSION = YES;
				CLANG_WARN_INT_CONVERSION = YES;
				CLANG_WARN_OBJC_ROOT_CLASS = YES_ERROR;
				CLANG_WARN_UNREACHABLE_CODE = YES;
				CLANG_WARN__DUPLICATE_METHOD_MATCH = YES;
				"CODE_SIGN_IDENTITY[sdk=iphoneos*]" = "iPhone Developer";
				COPY_PHASE_STRIP = NO;
				DEBUG_INFORMATION_FORMAT = dwarf;
				ENABLE_STRICT_OBJC_MSGSEND = YES;
				ENABLE_TESTABILITY = YES;
				GCC_C_LANGUAGE_STANDARD = gnu99;
				GCC_DYNAMIC_NO_PIC = NO;
				GCC_NO_COMMON_BLOCKS = YES;
				GCC_OPTIMIZATION_LEVEL = 0;
				GCC_PREPROCESSOR_DEFINITIONS = (
					"DEBUG=1",
					"$(inherited)",
				);
				GCC_WARN_64_TO_32_BIT_CONVERSION = YES;
				GCC_WARN_ABOUT_RETURN_TYPE = YES_ERROR;
				GCC_WARN_UNDECLARED_SELECTOR = YES;
				GCC_WARN_UNINITIALIZED_AUTOS = YES_AGGRESSIVE;
				GCC_WARN_UNUSED_FUNCTION = YES;
				GCC_WARN_UNUSED_VARIABLE = YES;
				IPHONEOS_DEPLOYMENT_TARGET = 9.3;
				MTL_ENABLE_DEBUG_INFO = YES;
				ONLY_ACTIVE_ARCH = YES;
				SDKROOT = iphoneos;
				TARGETED_DEVICE_FAMILY = 2;
			};
			name = Debug;
		};
		91D616CF1CEC7A890045A5E5 /* Release */ = {
			isa = XCBuildConfiguration;
			buildSettings = {
				ALWAYS_SEARCH_USER_PATHS = NO;
				CLANG_ANALYZER_NONNULL = YES;
				CLANG_CXX_LANGUAGE_STANDARD = "gnu++0x";
				CLANG_CXX_LIBRARY = "libc++";
				CLANG_ENABLE_MODULES = YES;
				CLANG_ENABLE_OBJC_ARC = YES;
				CLANG_WARN_BOOL_CONVERSION = YES;
				CLANG_WARN_CONSTANT_CONVERSION = YES;
				CLANG_WARN_DIRECT_OBJC_ISA_USAGE = YES_ERROR;
				CLANG_WARN_EMPTY_BODY = YES;
				CLANG_WARN_ENUM_CONVERSION = YES;
				CLANG_WARN_INT_CONVERSION = YES;
				CLANG_WARN_OBJC_ROOT_CLASS = YES_ERROR;
				CLANG_WARN_UNREACHABLE_CODE = YES;
				CLANG_WARN__DUPLICATE_METHOD_MATCH = YES;
				"CODE_SIGN_IDENTITY[sdk=iphoneos*]" = "iPhone Developer";
				COPY_PHASE_STRIP = NO;
				DEBUG_INFORMATION_FORMAT = "dwarf-with-dsym";
				ENABLE_NS_ASSERTIONS = NO;
				ENABLE_STRICT_OBJC_MSGSEND = YES;
				GCC_C_LANGUAGE_STANDARD = gnu99;
				GCC_NO_COMMON_BLOCKS = YES;
				GCC_WARN_64_TO_32_BIT_CONVERSION = YES;
				GCC_WARN_ABOUT_RETURN_TYPE = YES_ERROR;
				GCC_WARN_UNDECLARED_SELECTOR = YES;
				GCC_WARN_UNINITIALIZED_AUTOS = YES_AGGRESSIVE;
				GCC_WARN_UNUSED_FUNCTION = YES;
				GCC_WARN_UNUSED_VARIABLE = YES;
				IPHONEOS_DEPLOYMENT_TARGET = 9.3;
				MTL_ENABLE_DEBUG_INFO = NO;
				SDKROOT = iphoneos;
				TARGETED_DEVICE_FAMILY = 2;
				VALIDATE_PRODUCT = YES;
			};
			name = Release;
		};
		91D616D11CEC7A890045A5E5 /* Debug */ = {
			isa = XCBuildConfiguration;
			buildSettings = {
				ASSETCATALOG_COMPILER_APPICON_NAME = AppIcon;
				INFOPLIST_FILE = CollectionView/Info.plist;
				LD_RUNPATH_SEARCH_PATHS = "$(inherited) @executable_path/Frameworks";
				PRODUCT_BUNDLE_IDENTIFIER = AL.CollectionView;
				PRODUCT_NAME = "$(TARGET_NAME)";
				TARGETED_DEVICE_FAMILY = 1;
			};
			name = Debug;
		};
		91D616D21CEC7A890045A5E5 /* Release */ = {
			isa = XCBuildConfiguration;
			buildSettings = {
				ASSETCATALOG_COMPILER_APPICON_NAME = AppIcon;
				INFOPLIST_FILE = CollectionView/Info.plist;
				LD_RUNPATH_SEARCH_PATHS = "$(inherited) @executable_path/Frameworks";
				PRODUCT_BUNDLE_IDENTIFIER = AL.CollectionView;
				PRODUCT_NAME = "$(TARGET_NAME)";
				TARGETED_DEVICE_FAMILY = 1;
			};
			name = Release;
		};
		91D616D41CEC7A890045A5E5 /* Debug */ = {
			isa = XCBuildConfiguration;
			buildSettings = {
				BUNDLE_LOADER = "$(TEST_HOST)";
				INFOPLIST_FILE = CollectionViewTests/Info.plist;
				LD_RUNPATH_SEARCH_PATHS = "$(inherited) @executable_path/Frameworks @loader_path/Frameworks";
				PRODUCT_BUNDLE_IDENTIFIER = AL.CollectionViewTests;
				PRODUCT_NAME = "$(TARGET_NAME)";
				TEST_HOST = "$(BUILT_PRODUCTS_DIR)/CollectionView.app/CollectionView";
			};
			name = Debug;
		};
		91D616D51CEC7A890045A5E5 /* Release */ = {
			isa = XCBuildConfiguration;
			buildSettings = {
				BUNDLE_LOADER = "$(TEST_HOST)";
				INFOPLIST_FILE = CollectionViewTests/Info.plist;
				LD_RUNPATH_SEARCH_PATHS = "$(inherited) @executable_path/Frameworks @loader_path/Frameworks";
				PRODUCT_BUNDLE_IDENTIFIER = AL.CollectionViewTests;
				PRODUCT_NAME = "$(TARGET_NAME)";
				TEST_HOST = "$(BUILT_PRODUCTS_DIR)/CollectionView.app/CollectionView";
			};
			name = Release;
		};
		91D616D71CEC7A890045A5E5 /* Debug */ = {
			isa = XCBuildConfiguration;
			buildSettings = {
				INFOPLIST_FILE = CollectionViewUITests/Info.plist;
				LD_RUNPATH_SEARCH_PATHS = "$(inherited) @executable_path/Frameworks @loader_path/Frameworks";
				PRODUCT_BUNDLE_IDENTIFIER = AL.CollectionViewUITests;
				PRODUCT_NAME = "$(TARGET_NAME)";
				TEST_TARGET_NAME = CollectionView;
			};
			name = Debug;
		};
		91D616D81CEC7A890045A5E5 /* Release */ = {
			isa = XCBuildConfiguration;
			buildSettings = {
				INFOPLIST_FILE = CollectionViewUITests/Info.plist;
				LD_RUNPATH_SEARCH_PATHS = "$(inherited) @executable_path/Frameworks @loader_path/Frameworks";
				PRODUCT_BUNDLE_IDENTIFIER = AL.CollectionViewUITests;
				PRODUCT_NAME = "$(TARGET_NAME)";
				TEST_TARGET_NAME = CollectionView;
			};
			name = Release;
		};
/* End XCBuildConfiguration section */

/* Begin XCConfigurationList section */
		91D6169E1CEC7A890045A5E5 /* Build configuration list for PBXProject "CollectionView" */ = {
			isa = XCConfigurationList;
			buildConfigurations = (
				91D616CE1CEC7A890045A5E5 /* Debug */,
				91D616CF1CEC7A890045A5E5 /* Release */,
			);
			defaultConfigurationIsVisible = 0;
			defaultConfigurationName = Release;
		};
		91D616D01CEC7A890045A5E5 /* Build configuration list for PBXNativeTarget "CollectionView" */ = {
			isa = XCConfigurationList;
			buildConfigurations = (
				91D616D11CEC7A890045A5E5 /* Debug */,
				91D616D21CEC7A890045A5E5 /* Release */,
			);
			defaultConfigurationIsVisible = 0;
			defaultConfigurationName = Release;
		};
		91D616D31CEC7A890045A5E5 /* Build configuration list for PBXNativeTarget "CollectionViewTests" */ = {
			isa = XCConfigurationList;
			buildConfigurations = (
				91D616D41CEC7A890045A5E5 /* Debug */,
				91D616D51CEC7A890045A5E5 /* Release */,
			);
			defaultConfigurationIsVisible = 0;
			defaultConfigurationName = Release;
		};
		91D616D61CEC7A890045A5E5 /* Build configuration list for PBXNativeTarget "CollectionViewUITests" */ = {
			isa = XCConfigurationList;
			buildConfigurations = (
				91D616D71CEC7A890045A5E5 /* Debug */,
				91D616D81CEC7A890045A5E5 /* Release */,
			);
			defaultConfigurationIsVisible = 0;
			defaultConfigurationName = Release;
		};
/* End XCConfigurationList section */
	};
	rootObject = 91D6169B1CEC7A890045A5E5 /* Project object */;
}
