// !$*UTF8*$!
{
	archiveVersion = 1;
	classes = {
	};
	objectVersion = 46;
	objects = {

/* Begin PBXBuildFile section */
		91BA333C1D415B650006B9D4 /* main.m in Sources */ = {isa = PBXBuildFile; fileRef = 91BA333B1D415B650006B9D4 /* main.m */; };
		91BA333F1D415B650006B9D4 /* AppDelegate.m in Sources */ = {isa = PBXBuildFile; fileRef = 91BA333E1D415B650006B9D4 /* AppDelegate.m */; };
		91BA33421D415B650006B9D4 /* ViewController.m in Sources */ = {isa = PBXBuildFile; fileRef = 91BA33411D415B650006B9D4 /* ViewController.m */; };
		91BA33451D415B650006B9D4 /* Main.storyboard in Resources */ = {isa = PBXBuildFile; fileRef = 91BA33431D415B650006B9D4 /* Main.storyboard */; };
		91BA33471D415B650006B9D4 /* Assets.xcassets in Resources */ = {isa = PBXBuildFile; fileRef = 91BA33461D415B650006B9D4 /* Assets.xcassets */; };
		91BA334A1D415B650006B9D4 /* LaunchScreen.storyboard in Resources */ = {isa = PBXBuildFile; fileRef = 91BA33481D415B650006B9D4 /* LaunchScreen.storyboard */; };
		91BA33551D415B650006B9D4 /* TableEditingTestTests.m in Sources */ = {isa = PBXBuildFile; fileRef = 91BA33541D415B650006B9D4 /* TableEditingTestTests.m */; };
		91BA33601D415B650006B9D4 /* TableEditingTestUITests.m in Sources */ = {isa = PBXBuildFile; fileRef = 91BA335F1D415B650006B9D4 /* TableEditingTestUITests.m */; };
		91BA336F1D4161300006B9D4 /* ALStudent.m in Sources */ = {isa = PBXBuildFile; fileRef = 91BA336E1D4161300006B9D4 /* ALStudent.m */; };
		91BA33731D41617C0006B9D4 /* ALGroup.m in Sources */ = {isa = PBXBuildFile; fileRef = 91BA33721D41617C0006B9D4 /* ALGroup.m */; };
/* End PBXBuildFile section */

/* Begin PBXContainerItemProxy section */
		91BA33511D415B650006B9D4 /* PBXContainerItemProxy */ = {
			isa = PBXContainerItemProxy;
			containerPortal = 91BA332F1D415B650006B9D4 /* Project object */;
			proxyType = 1;
			remoteGlobalIDString = 91BA33361D415B650006B9D4;
			remoteInfo = TableEditingTest;
		};
		91BA335C1D415B650006B9D4 /* PBXContainerItemProxy */ = {
			isa = PBXContainerItemProxy;
			containerPortal = 91BA332F1D415B650006B9D4 /* Project object */;
			proxyType = 1;
			remoteGlobalIDString = 91BA33361D415B650006B9D4;
			remoteInfo = TableEditingTest;
		};
/* End PBXContainerItemProxy section */

/* Begin PBXFileReference section */
		91BA33371D415B650006B9D4 /* TableEditingTest.app */ = {isa = PBXFileReference; explicitFileType = wrapper.application; includeInIndex = 0; path = TableEditingTest.app; sourceTree = BUILT_PRODUCTS_DIR; };
		91BA333B1D415B650006B9D4 /* main.m */ = {isa = PBXFileReference; lastKnownFileType = sourcecode.c.objc; path = main.m; sourceTree = "<group>"; };
		91BA333D1D415B650006B9D4 /* AppDelegate.h */ = {isa = PBXFileReference; lastKnownFileType = sourcecode.c.h; path = AppDelegate.h; sourceTree = "<group>"; };
		91BA333E1D415B650006B9D4 /* AppDelegate.m */ = {isa = PBXFileReference; lastKnownFileType = sourcecode.c.objc; path = AppDelegate.m; sourceTree = "<group>"; };
		91BA33401D415B650006B9D4 /* ViewController.h */ = {isa = PBXFileReference; lastKnownFileType = sourcecode.c.h; path = ViewController.h; sourceTree = "<group>"; };
		91BA33411D415B650006B9D4 /* ViewController.m */ = {isa = PBXFileReference; lastKnownFileType = sourcecode.c.objc; path = ViewController.m; sourceTree = "<group>"; };
		91BA33441D415B650006B9D4 /* Base */ = {isa = PBXFileReference; lastKnownFileType = file.storyboard; name = Base; path = Base.lproj/Main.storyboard; sourceTree = "<group>"; };
		91BA33461D415B650006B9D4 /* Assets.xcassets */ = {isa = PBXFileReference; lastKnownFileType = folder.assetcatalog; path = Assets.xcassets; sourceTree = "<group>"; };
		91BA33491D415B650006B9D4 /* Base */ = {isa = PBXFileReference; lastKnownFileType = file.storyboard; name = Base; path = Base.lproj/LaunchScreen.storyboard; sourceTree = "<group>"; };
		91BA334B1D415B650006B9D4 /* Info.plist */ = {isa = PBXFileReference; lastKnownFileType = text.plist.xml; path = Info.plist; sourceTree = "<group>"; };
		91BA33501D415B650006B9D4 /* TableEditingTestTests.xctest */ = {isa = PBXFileReference; explicitFileType = wrapper.cfbundle; includeInIndex = 0; path = TableEditingTestTests.xctest; sourceTree = BUILT_PRODUCTS_DIR; };
		91BA33541D415B650006B9D4 /* TableEditingTestTests.m */ = {isa = PBXFileReference; lastKnownFileType = sourcecode.c.objc; path = TableEditingTestTests.m; sourceTree = "<group>"; };
		91BA33561D415B650006B9D4 /* Info.plist */ = {isa = PBXFileReference; lastKnownFileType = text.plist.xml; path = Info.plist; sourceTree = "<group>"; };
		91BA335B1D415B650006B9D4 /* TableEditingTestUITests.xctest */ = {isa = PBXFileReference; explicitFileType = wrapper.cfbundle; includeInIndex = 0; path = TableEditingTestUITests.xctest; sourceTree = BUILT_PRODUCTS_DIR; };
		91BA335F1D415B650006B9D4 /* TableEditingTestUITests.m */ = {isa = PBXFileReference; lastKnownFileType = sourcecode.c.objc; path = TableEditingTestUITests.m; sourceTree = "<group>"; };
		91BA33611D415B650006B9D4 /* Info.plist */ = {isa = PBXFileReference; lastKnownFileType = text.plist.xml; path = Info.plist; sourceTree = "<group>"; };
		91BA336D1D4161300006B9D4 /* ALStudent.h */ = {isa = PBXFileReference; fileEncoding = 4; lastKnownFileType = sourcecode.c.h; path = ALStudent.h; sourceTree = "<group>"; };
		91BA336E1D4161300006B9D4 /* ALStudent.m */ = {isa = PBXFileReference; fileEncoding = 4; lastKnownFileType = sourcecode.c.objc; path = ALStudent.m; sourceTree = "<group>"; };
		91BA33711D41617C0006B9D4 /* ALGroup.h */ = {isa = PBXFileReference; fileEncoding = 4; lastKnownFileType = sourcecode.c.h; path = ALGroup.h; sourceTree = "<group>"; };
		91BA33721D41617C0006B9D4 /* ALGroup.m */ = {isa = PBXFileReference; fileEncoding = 4; lastKnownFileType = sourcecode.c.objc; path = ALGroup.m; sourceTree = "<group>"; };
/* End PBXFileReference section */

/* Begin PBXFrameworksBuildPhase section */
		91BA33341D415B650006B9D4 /* Frameworks */ = {
			isa = PBXFrameworksBuildPhase;
			buildActionMask = 2147483647;
			files = (
			);
			runOnlyForDeploymentPostprocessing = 0;
		};
		91BA334D1D415B650006B9D4 /* Frameworks */ = {
			isa = PBXFrameworksBuildPhase;
			buildActionMask = 2147483647;
			files = (
			);
			runOnlyForDeploymentPostprocessing = 0;
		};
		91BA33581D415B650006B9D4 /* Frameworks */ = {
			isa = PBXFrameworksBuildPhase;
			buildActionMask = 2147483647;
			files = (
			);
			runOnlyForDeploymentPostprocessing = 0;
		};
/* End PBXFrameworksBuildPhase section */

/* Begin PBXGroup section */
		91BA332E1D415B650006B9D4 = {
			isa = PBXGroup;
			children = (
				91BA33391D415B650006B9D4 /* TableEditingTest */,
				91BA33531D415B650006B9D4 /* TableEditingTestTests */,
				91BA335E1D415B650006B9D4 /* TableEditingTestUITests */,
				91BA33381D415B650006B9D4 /* Products */,
			);
			sourceTree = "<group>";
		};
		91BA33381D415B650006B9D4 /* Products */ = {
			isa = PBXGroup;
			children = (
				91BA33371D415B650006B9D4 /* TableEditingTest.app */,
				91BA33501D415B650006B9D4 /* TableEditingTestTests.xctest */,
				91BA335B1D415B650006B9D4 /* TableEditingTestUITests.xctest */,
			);
			name = Products;
			sourceTree = "<group>";
		};
		91BA33391D415B650006B9D4 /* TableEditingTest */ = {
			isa = PBXGroup;
			children = (
				91BA33701D41614B0006B9D4 /* Models */,
				91BA333D1D415B650006B9D4 /* AppDelegate.h */,
				91BA333E1D415B650006B9D4 /* AppDelegate.m */,
				91BA33401D415B650006B9D4 /* ViewController.h */,
				91BA33411D415B650006B9D4 /* ViewController.m */,
				91BA33431D415B650006B9D4 /* Main.storyboard */,
				91BA33461D415B650006B9D4 /* Assets.xcassets */,
				91BA33481D415B650006B9D4 /* LaunchScreen.storyboard */,
				91BA334B1D415B650006B9D4 /* Info.plist */,
				91BA333A1D415B650006B9D4 /* Supporting Files */,
			);
			path = TableEditingTest;
			sourceTree = "<group>";
		};
		91BA333A1D415B650006B9D4 /* Supporting Files */ = {
			isa = PBXGroup;
			children = (
				91BA333B1D415B650006B9D4 /* main.m */,
			);
			name = "Supporting Files";
			sourceTree = "<group>";
		};
		91BA33531D415B650006B9D4 /* TableEditingTestTests */ = {
			isa = PBXGroup;
			children = (
				91BA33541D415B650006B9D4 /* TableEditingTestTests.m */,
				91BA33561D415B650006B9D4 /* Info.plist */,
			);
			path = TableEditingTestTests;
			sourceTree = "<group>";
		};
		91BA335E1D415B650006B9D4 /* TableEditingTestUITests */ = {
			isa = PBXGroup;
			children = (
				91BA335F1D415B650006B9D4 /* TableEditingTestUITests.m */,
				91BA33611D415B650006B9D4 /* Info.plist */,
			);
			path = TableEditingTestUITests;
			sourceTree = "<group>";
		};
		91BA33701D41614B0006B9D4 /* Models */ = {
			isa = PBXGroup;
			children = (
				91BA33711D41617C0006B9D4 /* ALGroup.h */,
				91BA33721D41617C0006B9D4 /* ALGroup.m */,
				91BA336D1D4161300006B9D4 /* ALStudent.h */,
				91BA336E1D4161300006B9D4 /* ALStudent.m */,
			);
			name = Models;
			sourceTree = "<group>";
		};
/* End PBXGroup section */

/* Begin PBXNativeTarget section */
		91BA33361D415B650006B9D4 /* TableEditingTest */ = {
			isa = PBXNativeTarget;
			buildConfigurationList = 91BA33641D415B650006B9D4 /* Build configuration list for PBXNativeTarget "TableEditingTest" */;
			buildPhases = (
				91BA33331D415B650006B9D4 /* Sources */,
				91BA33341D415B650006B9D4 /* Frameworks */,
				91BA33351D415B650006B9D4 /* Resources */,
			);
			buildRules = (
			);
			dependencies = (
			);
			name = TableEditingTest;
			productName = TableEditingTest;
			productReference = 91BA33371D415B650006B9D4 /* TableEditingTest.app */;
			productType = "com.apple.product-type.application";
		};
		91BA334F1D415B650006B9D4 /* TableEditingTestTests */ = {
			isa = PBXNativeTarget;
			buildConfigurationList = 91BA33671D415B650006B9D4 /* Build configuration list for PBXNativeTarget "TableEditingTestTests" */;
			buildPhases = (
				91BA334C1D415B650006B9D4 /* Sources */,
				91BA334D1D415B650006B9D4 /* Frameworks */,
				91BA334E1D415B650006B9D4 /* Resources */,
			);
			buildRules = (
			);
			dependencies = (
				91BA33521D415B650006B9D4 /* PBXTargetDependency */,
			);
			name = TableEditingTestTests;
			productName = TableEditingTestTests;
			productReference = 91BA33501D415B650006B9D4 /* TableEditingTestTests.xctest */;
			productType = "com.apple.product-type.bundle.unit-test";
		};
		91BA335A1D415B650006B9D4 /* TableEditingTestUITests */ = {
			isa = PBXNativeTarget;
			buildConfigurationList = 91BA336A1D415B650006B9D4 /* Build configuration list for PBXNativeTarget "TableEditingTestUITests" */;
			buildPhases = (
				91BA33571D415B650006B9D4 /* Sources */,
				91BA33581D415B650006B9D4 /* Frameworks */,
				91BA33591D415B650006B9D4 /* Resources */,
			);
			buildRules = (
			);
			dependencies = (
				91BA335D1D415B650006B9D4 /* PBXTargetDependency */,
			);
			name = TableEditingTestUITests;
			productName = TableEditingTestUITests;
			productReference = 91BA335B1D415B650006B9D4 /* TableEditingTestUITests.xctest */;
			productType = "com.apple.product-type.bundle.ui-testing";
		};
/* End PBXNativeTarget section */

/* Begin PBXProject section */
		91BA332F1D415B650006B9D4 /* Project object */ = {
			isa = PBXProject;
			attributes = {
				LastUpgradeCheck = 0730;
				ORGANIZATIONNAME = "Artyom Linnik";
				TargetAttributes = {
					91BA33361D415B650006B9D4 = {
						CreatedOnToolsVersion = 7.3.1;
						DevelopmentTeam = 4Q78V6U8FD;
					};
					91BA334F1D415B650006B9D4 = {
						CreatedOnToolsVersion = 7.3.1;
						DevelopmentTeam = 4Q78V6U8FD;
						TestTargetID = 91BA33361D415B650006B9D4;
					};
					91BA335A1D415B650006B9D4 = {
						CreatedOnToolsVersion = 7.3.1;
						DevelopmentTeam = 4Q78V6U8FD;
						TestTargetID = 91BA33361D415B650006B9D4;
					};
				};
			};
			buildConfigurationList = 91BA33321D415B650006B9D4 /* Build configuration list for PBXProject "TableEditingTest" */;
			compatibilityVersion = "Xcode 3.2";
			developmentRegion = English;
			hasScannedForEncodings = 0;
			knownRegions = (
				en,
				Base,
			);
			mainGroup = 91BA332E1D415B650006B9D4;
			productRefGroup = 91BA33381D415B650006B9D4 /* Products */;
			projectDirPath = "";
			projectRoot = "";
			targets = (
				91BA33361D415B650006B9D4 /* TableEditingTest */,
				91BA334F1D415B650006B9D4 /* TableEditingTestTests */,
				91BA335A1D415B650006B9D4 /* TableEditingTestUITests */,
			);
		};
/* End PBXProject section */

/* Begin PBXResourcesBuildPhase section */
		91BA33351D415B650006B9D4 /* Resources */ = {
			isa = PBXResourcesBuildPhase;
			buildActionMask = 2147483647;
			files = (
				91BA334A1D415B650006B9D4 /* LaunchScreen.storyboard in Resources */,
				91BA33471D415B650006B9D4 /* Assets.xcassets in Resources */,
				91BA33451D415B650006B9D4 /* Main.storyboard in Resources */,
			);
			runOnlyForDeploymentPostprocessing = 0;
		};
		91BA334E1D415B650006B9D4 /* Resources */ = {
			isa = PBXResourcesBuildPhase;
			buildActionMask = 2147483647;
			files = (
			);
			runOnlyForDeploymentPostprocessing = 0;
		};
		91BA33591D415B650006B9D4 /* Resources */ = {
			isa = PBXResourcesBuildPhase;
			buildActionMask = 2147483647;
			files = (
			);
			runOnlyForDeploymentPostprocessing = 0;
		};
/* End PBXResourcesBuildPhase section */

/* Begin PBXSourcesBuildPhase section */
		91BA33331D415B650006B9D4 /* Sources */ = {
			isa = PBXSourcesBuildPhase;
			buildActionMask = 2147483647;
			files = (
				91BA33421D415B650006B9D4 /* ViewController.m in Sources */,
				91BA33731D41617C0006B9D4 /* ALGroup.m in Sources */,
				91BA333F1D415B650006B9D4 /* AppDelegate.m in Sources */,
				91BA336F1D4161300006B9D4 /* ALStudent.m in Sources */,
				91BA333C1D415B650006B9D4 /* main.m in Sources */,
			);
			runOnlyForDeploymentPostprocessing = 0;
		};
		91BA334C1D415B650006B9D4 /* Sources */ = {
			isa = PBXSourcesBuildPhase;
			buildActionMask = 2147483647;
			files = (
				91BA33551D415B650006B9D4 /* TableEditingTestTests.m in Sources */,
			);
			runOnlyForDeploymentPostprocessing = 0;
		};
		91BA33571D415B650006B9D4 /* Sources */ = {
			isa = PBXSourcesBuildPhase;
			buildActionMask = 2147483647;
			files = (
				91BA33601D415B650006B9D4 /* TableEditingTestUITests.m in Sources */,
			);
			runOnlyForDeploymentPostprocessing = 0;
		};
/* End PBXSourcesBuildPhase section */

/* Begin PBXTargetDependency section */
		91BA33521D415B650006B9D4 /* PBXTargetDependency */ = {
			isa = PBXTargetDependency;
			target = 91BA33361D415B650006B9D4 /* TableEditingTest */;
			targetProxy = 91BA33511D415B650006B9D4 /* PBXContainerItemProxy */;
		};
		91BA335D1D415B650006B9D4 /* PBXTargetDependency */ = {
			isa = PBXTargetDependency;
			target = 91BA33361D415B650006B9D4 /* TableEditingTest */;
			targetProxy = 91BA335C1D415B650006B9D4 /* PBXContainerItemProxy */;
		};
/* End PBXTargetDependency section */

/* Begin PBXVariantGroup section */
		91BA33431D415B650006B9D4 /* Main.storyboard */ = {
			isa = PBXVariantGroup;
			children = (
				91BA33441D415B650006B9D4 /* Base */,
			);
			name = Main.storyboard;
			sourceTree = "<group>";
		};
		91BA33481D415B650006B9D4 /* LaunchScreen.storyboard */ = {
			isa = PBXVariantGroup;
			children = (
				91BA33491D415B650006B9D4 /* Base */,
			);
			name = LaunchScreen.storyboard;
			sourceTree = "<group>";
		};
/* End PBXVariantGroup section */

/* Begin XCBuildConfiguration section */
		91BA33621D415B650006B9D4 /* Debug */ = {
			isa = XCBuildConfiguration;
			buildSettings = {
				ALWAYS_SEARCH_USER_PATHS = NO;
				CLANG_ANALYZER_NONNULL = YES;
				CLANG_CXX_LANGUAGE_STANDARD = "gnu++0x";
				CLANG_CXX_LIBRARY = "libc++";
				CLANG_ENABLE_MODULES = YES;
				CLANG_ENABLE_OBJC_ARC = YES;
				CLANG_WARN_BOOL_CONVERSION = YES;
				CLANG_WARN_CONSTANT_CONVERSION = YES;
				CLANG_WARN_DIRECT_OBJC_ISA_USAGE = YES_ERROR;
				CLANG_WARN_EMPTY_BODY = YES;
				CLANG_WARN_ENUM_CONVERSION = YES;
				CLANG_WARN_INT_CONVERSION = YES;
				CLANG_WARN_OBJC_ROOT_CLASS = YES_ERROR;
				CLANG_WARN_UNREACHABLE_CODE = YES;
				CLANG_WARN__DUPLICATE_METHOD_MATCH = YES;
				"CODE_SIGN_IDENTITY[sdk=iphoneos*]" = "iPhone Developer";
				COPY_PHASE_STRIP = NO;
				DEBUG_INFORMATION_FORMAT = dwarf;
				ENABLE_STRICT_OBJC_MSGSEND = YES;
				ENABLE_TESTABILITY = YES;
				GCC_C_LANGUAGE_STANDARD = gnu99;
				GCC_DYNAMIC_NO_PIC = NO;
				GCC_NO_COMMON_BLOCKS = YES;
				GCC_OPTIMIZATION_LEVEL = 0;
				GCC_PREPROCESSOR_DEFINITIONS = (
					"DEBUG=1",
					"$(inherited)",
				);
				GCC_WARN_64_TO_32_BIT_CONVERSION = YES;
				GCC_WARN_ABOUT_RETURN_TYPE = YES_ERROR;
				GCC_WARN_UNDECLARED_SELECTOR = YES;
				GCC_WARN_UNINITIALIZED_AUTOS = YES_AGGRESSIVE;
				GCC_WARN_UNUSED_FUNCTION = YES;
				GCC_WARN_UNUSED_VARIABLE = YES;
				IPHONEOS_DEPLOYMENT_TARGET = 9.3;
				MTL_ENABLE_DEBUG_INFO = YES;
				ONLY_ACTIVE_ARCH = YES;
				SDKROOT = iphoneos;
			};
			name = Debug;
		};
		91BA33631D415B650006B9D4 /* Release */ = {
			isa = XCBuildConfiguration;
			buildSettings = {
				ALWAYS_SEARCH_USER_PATHS = NO;
				CLANG_ANALYZER_NONNULL = YES;
				CLANG_CXX_LANGUAGE_STANDARD = "gnu++0x";
				CLANG_CXX_LIBRARY = "libc++";
				CLANG_ENABLE_MODULES = YES;
				CLANG_ENABLE_OBJC_ARC = YES;
				CLANG_WARN_BOOL_CONVERSION = YES;
				CLANG_WARN_CONSTANT_CONVERSION = YES;
				CLANG_WARN_DIRECT_OBJC_ISA_USAGE = YES_ERROR;
				CLANG_WARN_EMPTY_BODY = YES;
				CLANG_WARN_ENUM_CONVERSION = YES;
				CLANG_WARN_INT_CONVERSION = YES;
				CLANG_WARN_OBJC_ROOT_CLASS = YES_ERROR;
				CLANG_WARN_UNREACHABLE_CODE = YES;
				CLANG_WARN__DUPLICATE_METHOD_MATCH = YES;
				"CODE_SIGN_IDENTITY[sdk=iphoneos*]" = "iPhone Developer";
				COPY_PHASE_STRIP = NO;
				DEBUG_INFORMATION_FORMAT = "dwarf-with-dsym";
				ENABLE_NS_ASSERTIONS = NO;
				ENABLE_STRICT_OBJC_MSGSEND = YES;
				GCC_C_LANGUAGE_STANDARD = gnu99;
				GCC_NO_COMMON_BLOCKS = YES;
				GCC_WARN_64_TO_32_BIT_CONVERSION = YES;
				GCC_WARN_ABOUT_RETURN_TYPE = YES_ERROR;
				GCC_WARN_UNDECLARED_SELECTOR = YES;
				GCC_WARN_UNINITIALIZED_AUTOS = YES_AGGRESSIVE;
				GCC_WARN_UNUSED_FUNCTION = YES;
				GCC_WARN_UNUSED_VARIABLE = YES;
				IPHONEOS_DEPLOYMENT_TARGET = 9.3;
				MTL_ENABLE_DEBUG_INFO = NO;
				SDKROOT = iphoneos;
				VALIDATE_PRODUCT = YES;
			};
			name = Release;
		};
		91BA33651D415B650006B9D4 /* Debug */ = {
			isa = XCBuildConfiguration;
			buildSettings = {
				ASSETCATALOG_COMPILER_APPICON_NAME = AppIcon;
				INFOPLIST_FILE = TableEditingTest/Info.plist;
				LD_RUNPATH_SEARCH_PATHS = "$(inherited) @executable_path/Frameworks";
				PRODUCT_BUNDLE_IDENTIFIER = AL.TableEditingTest;
				PRODUCT_NAME = "$(TARGET_NAME)";
			};
			name = Debug;
		};
		91BA33661D415B650006B9D4 /* Release */ = {
			isa = XCBuildConfiguration;
			buildSettings = {
				ASSETCATALOG_COMPILER_APPICON_NAME = AppIcon;
				INFOPLIST_FILE = TableEditingTest/Info.plist;
				LD_RUNPATH_SEARCH_PATHS = "$(inherited) @executable_path/Frameworks";
				PRODUCT_BUNDLE_IDENTIFIER = AL.TableEditingTest;
				PRODUCT_NAME = "$(TARGET_NAME)";
			};
			name = Release;
		};
		91BA33681D415B650006B9D4 /* Debug */ = {
			isa = XCBuildConfiguration;
			buildSettings = {
				BUNDLE_LOADER = "$(TEST_HOST)";
				INFOPLIST_FILE = TableEditingTestTests/Info.plist;
				LD_RUNPATH_SEARCH_PATHS = "$(inherited) @executable_path/Frameworks @loader_path/Frameworks";
				PRODUCT_BUNDLE_IDENTIFIER = AL.TableEditingTestTests;
				PRODUCT_NAME = "$(TARGET_NAME)";
				TEST_HOST = "$(BUILT_PRODUCTS_DIR)/TableEditingTest.app/TableEditingTest";
			};
			name = Debug;
		};
		91BA33691D415B650006B9D4 /* Release */ = {
			isa = XCBuildConfiguration;
			buildSettings = {
				BUNDLE_LOADER = "$(TEST_HOST)";
				INFOPLIST_FILE = TableEditingTestTests/Info.plist;
				LD_RUNPATH_SEARCH_PATHS = "$(inherited) @executable_path/Frameworks @loader_path/Frameworks";
				PRODUCT_BUNDLE_IDENTIFIER = AL.TableEditingTestTests;
				PRODUCT_NAME = "$(TARGET_NAME)";
				TEST_HOST = "$(BUILT_PRODUCTS_DIR)/TableEditingTest.app/TableEditingTest";
			};
			name = Release;
		};
		91BA336B1D415B650006B9D4 /* Debug */ = {
			isa = XCBuildConfiguration;
			buildSettings = {
				INFOPLIST_FILE = TableEditingTestUITests/Info.plist;
				LD_RUNPATH_SEARCH_PATHS = "$(inherited) @executable_path/Frameworks @loader_path/Frameworks";
				PRODUCT_BUNDLE_IDENTIFIER = AL.TableEditingTestUITests;
				PRODUCT_NAME = "$(TARGET_NAME)";
				TEST_TARGET_NAME = TableEditingTest;
			};
			name = Debug;
		};
		91BA336C1D415B650006B9D4 /* Release */ = {
			isa = XCBuildConfiguration;
			buildSettings = {
				INFOPLIST_FILE = TableEditingTestUITests/Info.plist;
				LD_RUNPATH_SEARCH_PATHS = "$(inherited) @executable_path/Frameworks @loader_path/Frameworks";
				PRODUCT_BUNDLE_IDENTIFIER = AL.TableEditingTestUITests;
				PRODUCT_NAME = "$(TARGET_NAME)";
				TEST_TARGET_NAME = TableEditingTest;
			};
			name = Release;
		};
/* End XCBuildConfiguration section */

/* Begin XCConfigurationList section */
		91BA33321D415B650006B9D4 /* Build configuration list for PBXProject "TableEditingTest" */ = {
			isa = XCConfigurationList;
			buildConfigurations = (
				91BA33621D415B650006B9D4 /* Debug */,
				91BA33631D415B650006B9D4 /* Release */,
			);
			defaultConfigurationIsVisible = 0;
			defaultConfigurationName = Release;
		};
		91BA33641D415B650006B9D4 /* Build configuration list for PBXNativeTarget "TableEditingTest" */ = {
			isa = XCConfigurationList;
			buildConfigurations = (
				91BA33651D415B650006B9D4 /* Debug */,
				91BA33661D415B650006B9D4 /* Release */,
			);
			defaultConfigurationIsVisible = 0;
		};
		91BA33671D415B650006B9D4 /* Build configuration list for PBXNativeTarget "TableEditingTestTests" */ = {
			isa = XCConfigurationList;
			buildConfigurations = (
				91BA33681D415B650006B9D4 /* Debug */,
				91BA33691D415B650006B9D4 /* Release */,
			);
			defaultConfigurationIsVisible = 0;
		};
		91BA336A1D415B650006B9D4 /* Build configuration list for PBXNativeTarget "TableEditingTestUITests" */ = {
			isa = XCConfigurationList;
			buildConfigurations = (
				91BA336B1D415B650006B9D4 /* Debug */,
				91BA336C1D415B650006B9D4 /* Release */,
			);
			defaultConfigurationIsVisible = 0;
		};
/* End XCConfigurationList section */
	};
	rootObject = 91BA332F1D415B650006B9D4 /* Project object */;
}
