// !$*UTF8*$!
{
	archiveVersion = 1;
	classes = {
	};
	objectVersion = 46;
	objects = {

/* Begin PBXBuildFile section */
		91AFE4FC1CEB0A9600BECC71 /* main.m in Sources */ = {isa = PBXBuildFile; fileRef = 91AFE4FB1CEB0A9600BECC71 /* main.m */; };
		91AFE4FF1CEB0A9600BECC71 /* AppDelegate.m in Sources */ = {isa = PBXBuildFile; fileRef = 91AFE4FE1CEB0A9600BECC71 /* AppDelegate.m */; };
		91AFE5021CEB0A9600BECC71 /* ViewController.m in Sources */ = {isa = PBXBuildFile; fileRef = 91AFE5011CEB0A9600BECC71 /* ViewController.m */; };
		91AFE5051CEB0A9600BECC71 /* Main.storyboard in Resources */ = {isa = PBXBuildFile; fileRef = 91AFE5031CEB0A9600BECC71 /* Main.storyboard */; };
		91AFE5071CEB0A9600BECC71 /* Assets.xcassets in Resources */ = {isa = PBXBuildFile; fileRef = 91AFE5061CEB0A9600BECC71 /* Assets.xcassets */; };
		91AFE50A1CEB0A9600BECC71 /* LaunchScreen.storyboard in Resources */ = {isa = PBXBuildFile; fileRef = 91AFE5081CEB0A9600BECC71 /* LaunchScreen.storyboard */; };
		91AFE5151CEB0A9600BECC71 /* AnimationsTestTests.m in Sources */ = {isa = PBXBuildFile; fileRef = 91AFE5141CEB0A9600BECC71 /* AnimationsTestTests.m */; };
		91AFE5201CEB0A9600BECC71 /* AnimationsTestUITests.m in Sources */ = {isa = PBXBuildFile; fileRef = 91AFE51F1CEB0A9600BECC71 /* AnimationsTestUITests.m */; };
/* End PBXBuildFile section */

/* Begin PBXContainerItemProxy section */
		91AFE5111CEB0A9600BECC71 /* PBXContainerItemProxy */ = {
			isa = PBXContainerItemProxy;
			containerPortal = 91AFE4EF1CEB0A9600BECC71 /* Project object */;
			proxyType = 1;
			remoteGlobalIDString = 91AFE4F61CEB0A9600BECC71;
			remoteInfo = AnimationsTest;
		};
		91AFE51C1CEB0A9600BECC71 /* PBXContainerItemProxy */ = {
			isa = PBXContainerItemProxy;
			containerPortal = 91AFE4EF1CEB0A9600BECC71 /* Project object */;
			proxyType = 1;
			remoteGlobalIDString = 91AFE4F61CEB0A9600BECC71;
			remoteInfo = AnimationsTest;
		};
/* End PBXContainerItemProxy section */

/* Begin PBXFileReference section */
		91AFE4F71CEB0A9600BECC71 /* AnimationsTest.app */ = {isa = PBXFileReference; explicitFileType = wrapper.application; includeInIndex = 0; path = AnimationsTest.app; sourceTree = BUILT_PRODUCTS_DIR; };
		91AFE4FB1CEB0A9600BECC71 /* main.m */ = {isa = PBXFileReference; lastKnownFileType = sourcecode.c.objc; path = main.m; sourceTree = "<group>"; };
		91AFE4FD1CEB0A9600BECC71 /* AppDelegate.h */ = {isa = PBXFileReference; lastKnownFileType = sourcecode.c.h; path = AppDelegate.h; sourceTree = "<group>"; };
		91AFE4FE1CEB0A9600BECC71 /* AppDelegate.m */ = {isa = PBXFileReference; lastKnownFileType = sourcecode.c.objc; path = AppDelegate.m; sourceTree = "<group>"; };
		91AFE5001CEB0A9600BECC71 /* ViewController.h */ = {isa = PBXFileReference; lastKnownFileType = sourcecode.c.h; path = ViewController.h; sourceTree = "<group>"; };
		91AFE5011CEB0A9600BECC71 /* ViewController.m */ = {isa = PBXFileReference; lastKnownFileType = sourcecode.c.objc; path = ViewController.m; sourceTree = "<group>"; };
		91AFE5041CEB0A9600BECC71 /* Base */ = {isa = PBXFileReference; lastKnownFileType = file.storyboard; name = Base; path = Base.lproj/Main.storyboard; sourceTree = "<group>"; };
		91AFE5061CEB0A9600BECC71 /* Assets.xcassets */ = {isa = PBXFileReference; lastKnownFileType = folder.assetcatalog; path = Assets.xcassets; sourceTree = "<group>"; };
		91AFE5091CEB0A9600BECC71 /* Base */ = {isa = PBXFileReference; lastKnownFileType = file.storyboard; name = Base; path = Base.lproj/LaunchScreen.storyboard; sourceTree = "<group>"; };
		91AFE50B1CEB0A9600BECC71 /* Info.plist */ = {isa = PBXFileReference; lastKnownFileType = text.plist.xml; path = Info.plist; sourceTree = "<group>"; };
		91AFE5101CEB0A9600BECC71 /* AnimationsTestTests.xctest */ = {isa = PBXFileReference; explicitFileType = wrapper.cfbundle; includeInIndex = 0; path = AnimationsTestTests.xctest; sourceTree = BUILT_PRODUCTS_DIR; };
		91AFE5141CEB0A9600BECC71 /* AnimationsTestTests.m */ = {isa = PBXFileReference; lastKnownFileType = sourcecode.c.objc; path = AnimationsTestTests.m; sourceTree = "<group>"; };
		91AFE5161CEB0A9600BECC71 /* Info.plist */ = {isa = PBXFileReference; lastKnownFileType = text.plist.xml; path = Info.plist; sourceTree = "<group>"; };
		91AFE51B1CEB0A9600BECC71 /* AnimationsTestUITests.xctest */ = {isa = PBXFileReference; explicitFileType = wrapper.cfbundle; includeInIndex = 0; path = AnimationsTestUITests.xctest; sourceTree = BUILT_PRODUCTS_DIR; };
		91AFE51F1CEB0A9600BECC71 /* AnimationsTestUITests.m */ = {isa = PBXFileReference; lastKnownFileType = sourcecode.c.objc; path = AnimationsTestUITests.m; sourceTree = "<group>"; };
		91AFE5211CEB0A9600BECC71 /* Info.plist */ = {isa = PBXFileReference; lastKnownFileType = text.plist.xml; path = Info.plist; sourceTree = "<group>"; };
/* End PBXFileReference section */

/* Begin PBXFrameworksBuildPhase section */
		91AFE4F41CEB0A9600BECC71 /* Frameworks */ = {
			isa = PBXFrameworksBuildPhase;
			buildActionMask = 2147483647;
			files = (
			);
			runOnlyForDeploymentPostprocessing = 0;
		};
		91AFE50D1CEB0A9600BECC71 /* Frameworks */ = {
			isa = PBXFrameworksBuildPhase;
			buildActionMask = 2147483647;
			files = (
			);
			runOnlyForDeploymentPostprocessing = 0;
		};
		91AFE5181CEB0A9600BECC71 /* Frameworks */ = {
			isa = PBXFrameworksBuildPhase;
			buildActionMask = 2147483647;
			files = (
			);
			runOnlyForDeploymentPostprocessing = 0;
		};
/* End PBXFrameworksBuildPhase section */

/* Begin PBXGroup section */
		91AFE4EE1CEB0A9600BECC71 = {
			isa = PBXGroup;
			children = (
				91AFE4F91CEB0A9600BECC71 /* AnimationsTest */,
				91AFE5131CEB0A9600BECC71 /* AnimationsTestTests */,
				91AFE51E1CEB0A9600BECC71 /* AnimationsTestUITests */,
				91AFE4F81CEB0A9600BECC71 /* Products */,
			);
			sourceTree = "<group>";
		};
		91AFE4F81CEB0A9600BECC71 /* Products */ = {
			isa = PBXGroup;
			children = (
				91AFE4F71CEB0A9600BECC71 /* AnimationsTest.app */,
				91AFE5101CEB0A9600BECC71 /* AnimationsTestTests.xctest */,
				91AFE51B1CEB0A9600BECC71 /* AnimationsTestUITests.xctest */,
			);
			name = Products;
			sourceTree = "<group>";
		};
		91AFE4F91CEB0A9600BECC71 /* AnimationsTest */ = {
			isa = PBXGroup;
			children = (
				91AFE4FD1CEB0A9600BECC71 /* AppDelegate.h */,
				91AFE4FE1CEB0A9600BECC71 /* AppDelegate.m */,
				91AFE5001CEB0A9600BECC71 /* ViewController.h */,
				91AFE5011CEB0A9600BECC71 /* ViewController.m */,
				91AFE5031CEB0A9600BECC71 /* Main.storyboard */,
				91AFE5061CEB0A9600BECC71 /* Assets.xcassets */,
				91AFE5081CEB0A9600BECC71 /* LaunchScreen.storyboard */,
				91AFE50B1CEB0A9600BECC71 /* Info.plist */,
				91AFE4FA1CEB0A9600BECC71 /* Supporting Files */,
			);
			path = AnimationsTest;
			sourceTree = "<group>";
		};
		91AFE4FA1CEB0A9600BECC71 /* Supporting Files */ = {
			isa = PBXGroup;
			children = (
				91AFE4FB1CEB0A9600BECC71 /* main.m */,
			);
			name = "Supporting Files";
			sourceTree = "<group>";
		};
		91AFE5131CEB0A9600BECC71 /* AnimationsTestTests */ = {
			isa = PBXGroup;
			children = (
				91AFE5141CEB0A9600BECC71 /* AnimationsTestTests.m */,
				91AFE5161CEB0A9600BECC71 /* Info.plist */,
			);
			path = AnimationsTestTests;
			sourceTree = "<group>";
		};
		91AFE51E1CEB0A9600BECC71 /* AnimationsTestUITests */ = {
			isa = PBXGroup;
			children = (
				91AFE51F1CEB0A9600BECC71 /* AnimationsTestUITests.m */,
				91AFE5211CEB0A9600BECC71 /* Info.plist */,
			);
			path = AnimationsTestUITests;
			sourceTree = "<group>";
		};
/* End PBXGroup section */

/* Begin PBXNativeTarget section */
		91AFE4F61CEB0A9600BECC71 /* AnimationsTest */ = {
			isa = PBXNativeTarget;
			buildConfigurationList = 91AFE5241CEB0A9600BECC71 /* Build configuration list for PBXNativeTarget "AnimationsTest" */;
			buildPhases = (
				91AFE4F31CEB0A9600BECC71 /* Sources */,
				91AFE4F41CEB0A9600BECC71 /* Frameworks */,
				91AFE4F51CEB0A9600BECC71 /* Resources */,
			);
			buildRules = (
			);
			dependencies = (
			);
			name = AnimationsTest;
			productName = AnimationsTest;
			productReference = 91AFE4F71CEB0A9600BECC71 /* AnimationsTest.app */;
			productType = "com.apple.product-type.application";
		};
		91AFE50F1CEB0A9600BECC71 /* AnimationsTestTests */ = {
			isa = PBXNativeTarget;
			buildConfigurationList = 91AFE5271CEB0A9600BECC71 /* Build configuration list for PBXNativeTarget "AnimationsTestTests" */;
			buildPhases = (
				91AFE50C1CEB0A9600BECC71 /* Sources */,
				91AFE50D1CEB0A9600BECC71 /* Frameworks */,
				91AFE50E1CEB0A9600BECC71 /* Resources */,
			);
			buildRules = (
			);
			dependencies = (
				91AFE5121CEB0A9600BECC71 /* PBXTargetDependency */,
			);
			name = AnimationsTestTests;
			productName = AnimationsTestTests;
			productReference = 91AFE5101CEB0A9600BECC71 /* AnimationsTestTests.xctest */;
			productType = "com.apple.product-type.bundle.unit-test";
		};
		91AFE51A1CEB0A9600BECC71 /* AnimationsTestUITests */ = {
			isa = PBXNativeTarget;
			buildConfigurationList = 91AFE52A1CEB0A9600BECC71 /* Build configuration list for PBXNativeTarget "AnimationsTestUITests" */;
			buildPhases = (
				91AFE5171CEB0A9600BECC71 /* Sources */,
				91AFE5181CEB0A9600BECC71 /* Frameworks */,
				91AFE5191CEB0A9600BECC71 /* Resources */,
			);
			buildRules = (
			);
			dependencies = (
				91AFE51D1CEB0A9600BECC71 /* PBXTargetDependency */,
			);
			name = AnimationsTestUITests;
			productName = AnimationsTestUITests;
			productReference = 91AFE51B1CEB0A9600BECC71 /* AnimationsTestUITests.xctest */;
			productType = "com.apple.product-type.bundle.ui-testing";
		};
/* End PBXNativeTarget section */

/* Begin PBXProject section */
		91AFE4EF1CEB0A9600BECC71 /* Project object */ = {
			isa = PBXProject;
			attributes = {
				LastUpgradeCheck = 0730;
				ORGANIZATIONNAME = "Artyom Linnik";
				TargetAttributes = {
					91AFE4F61CEB0A9600BECC71 = {
						CreatedOnToolsVersion = 7.3.1;
						DevelopmentTeam = 4Q78V6U8FD;
					};
					91AFE50F1CEB0A9600BECC71 = {
						CreatedOnToolsVersion = 7.3.1;
						DevelopmentTeam = 4Q78V6U8FD;
						TestTargetID = 91AFE4F61CEB0A9600BECC71;
					};
					91AFE51A1CEB0A9600BECC71 = {
						CreatedOnToolsVersion = 7.3.1;
						DevelopmentTeam = 4Q78V6U8FD;
						TestTargetID = 91AFE4F61CEB0A9600BECC71;
					};
				};
			};
			buildConfigurationList = 91AFE4F21CEB0A9600BECC71 /* Build configuration list for PBXProject "AnimationsTest" */;
			compatibilityVersion = "Xcode 3.2";
			developmentRegion = English;
			hasScannedForEncodings = 0;
			knownRegions = (
				en,
				Base,
			);
			mainGroup = 91AFE4EE1CEB0A9600BECC71;
			productRefGroup = 91AFE4F81CEB0A9600BECC71 /* Products */;
			projectDirPath = "";
			projectRoot = "";
			targets = (
				91AFE4F61CEB0A9600BECC71 /* AnimationsTest */,
				91AFE50F1CEB0A9600BECC71 /* AnimationsTestTests */,
				91AFE51A1CEB0A9600BECC71 /* AnimationsTestUITests */,
			);
		};
/* End PBXProject section */

/* Begin PBXResourcesBuildPhase section */
		91AFE4F51CEB0A9600BECC71 /* Resources */ = {
			isa = PBXResourcesBuildPhase;
			buildActionMask = 2147483647;
			files = (
				91AFE50A1CEB0A9600BECC71 /* LaunchScreen.storyboard in Resources */,
				91AFE5071CEB0A9600BECC71 /* Assets.xcassets in Resources */,
				91AFE5051CEB0A9600BECC71 /* Main.storyboard in Resources */,
			);
			runOnlyForDeploymentPostprocessing = 0;
		};
		91AFE50E1CEB0A9600BECC71 /* Resources */ = {
			isa = PBXResourcesBuildPhase;
			buildActionMask = 2147483647;
			files = (
			);
			runOnlyForDeploymentPostprocessing = 0;
		};
		91AFE5191CEB0A9600BECC71 /* Resources */ = {
			isa = PBXResourcesBuildPhase;
			buildActionMask = 2147483647;
			files = (
			);
			runOnlyForDeploymentPostprocessing = 0;
		};
/* End PBXResourcesBuildPhase section */

/* Begin PBXSourcesBuildPhase section */
		91AFE4F31CEB0A9600BECC71 /* Sources */ = {
			isa = PBXSourcesBuildPhase;
			buildActionMask = 2147483647;
			files = (
				91AFE5021CEB0A9600BECC71 /* ViewController.m in Sources */,
				91AFE4FF1CEB0A9600BECC71 /* AppDelegate.m in Sources */,
				91AFE4FC1CEB0A9600BECC71 /* main.m in Sources */,
			);
			runOnlyForDeploymentPostprocessing = 0;
		};
		91AFE50C1CEB0A9600BECC71 /* Sources */ = {
			isa = PBXSourcesBuildPhase;
			buildActionMask = 2147483647;
			files = (
				91AFE5151CEB0A9600BECC71 /* AnimationsTestTests.m in Sources */,
			);
			runOnlyForDeploymentPostprocessing = 0;
		};
		91AFE5171CEB0A9600BECC71 /* Sources */ = {
			isa = PBXSourcesBuildPhase;
			buildActionMask = 2147483647;
			files = (
				91AFE5201CEB0A9600BECC71 /* AnimationsTestUITests.m in Sources */,
			);
			runOnlyForDeploymentPostprocessing = 0;
		};
/* End PBXSourcesBuildPhase section */

/* Begin PBXTargetDependency section */
		91AFE5121CEB0A9600BECC71 /* PBXTargetDependency */ = {
			isa = PBXTargetDependency;
			target = 91AFE4F61CEB0A9600BECC71 /* AnimationsTest */;
			targetProxy = 91AFE5111CEB0A9600BECC71 /* PBXContainerItemProxy */;
		};
		91AFE51D1CEB0A9600BECC71 /* PBXTargetDependency */ = {
			isa = PBXTargetDependency;
			target = 91AFE4F61CEB0A9600BECC71 /* AnimationsTest */;
			targetProxy = 91AFE51C1CEB0A9600BECC71 /* PBXContainerItemProxy */;
		};
/* End PBXTargetDependency section */

/* Begin PBXVariantGroup section */
		91AFE5031CEB0A9600BECC71 /* Main.storyboard */ = {
			isa = PBXVariantGroup;
			children = (
				91AFE5041CEB0A9600BECC71 /* Base */,
			);
			name = Main.storyboard;
			sourceTree = "<group>";
		};
		91AFE5081CEB0A9600BECC71 /* LaunchScreen.storyboard */ = {
			isa = PBXVariantGroup;
			children = (
				91AFE5091CEB0A9600BECC71 /* Base */,
			);
			name = LaunchScreen.storyboard;
			sourceTree = "<group>";
		};
/* End PBXVariantGroup section */

/* Begin XCBuildConfiguration section */
		91AFE5221CEB0A9600BECC71 /* Debug */ = {
			isa = XCBuildConfiguration;
			buildSettings = {
				ALWAYS_SEARCH_USER_PATHS = NO;
				CLANG_ANALYZER_NONNULL = YES;
				CLANG_CXX_LANGUAGE_STANDARD = "gnu++0x";
				CLANG_CXX_LIBRARY = "libc++";
				CLANG_ENABLE_MODULES = YES;
				CLANG_ENABLE_OBJC_ARC = YES;
				CLANG_WARN_BOOL_CONVERSION = YES;
				CLANG_WARN_CONSTANT_CONVERSION = YES;
				CLANG_WARN_DIRECT_OBJC_ISA_USAGE = YES_ERROR;
				CLANG_WARN_EMPTY_BODY = YES;
				CLANG_WARN_ENUM_CONVERSION = YES;
				CLANG_WARN_INT_CONVERSION = YES;
				CLANG_WARN_OBJC_ROOT_CLASS = YES_ERROR;
				CLANG_WARN_UNREACHABLE_CODE = YES;
				CLANG_WARN__DUPLICATE_METHOD_MATCH = YES;
				"CODE_SIGN_IDENTITY[sdk=iphoneos*]" = "iPhone Developer";
				COPY_PHASE_STRIP = NO;
				DEBUG_INFORMATION_FORMAT = dwarf;
				ENABLE_STRICT_OBJC_MSGSEND = YES;
				ENABLE_TESTABILITY = YES;
				GCC_C_LANGUAGE_STANDARD = gnu99;
				GCC_DYNAMIC_NO_PIC = NO;
				GCC_NO_COMMON_BLOCKS = YES;
				GCC_OPTIMIZATION_LEVEL = 0;
				GCC_PREPROCESSOR_DEFINITIONS = (
					"DEBUG=1",
					"$(inherited)",
				);
				GCC_WARN_64_TO_32_BIT_CONVERSION = YES;
				GCC_WARN_ABOUT_RETURN_TYPE = YES_ERROR;
				GCC_WARN_UNDECLARED_SELECTOR = YES;
				GCC_WARN_UNINITIALIZED_AUTOS = YES_AGGRESSIVE;
				GCC_WARN_UNUSED_FUNCTION = YES;
				GCC_WARN_UNUSED_VARIABLE = YES;
				IPHONEOS_DEPLOYMENT_TARGET = 9.3;
				MTL_ENABLE_DEBUG_INFO = YES;
				ONLY_ACTIVE_ARCH = YES;
				SDKROOT = iphoneos;
				TARGETED_DEVICE_FAMILY = 2;
			};
			name = Debug;
		};
		91AFE5231CEB0A9600BECC71 /* Release */ = {
			isa = XCBuildConfiguration;
			buildSettings = {
				ALWAYS_SEARCH_USER_PATHS = NO;
				CLANG_ANALYZER_NONNULL = YES;
				CLANG_CXX_LANGUAGE_STANDARD = "gnu++0x";
				CLANG_CXX_LIBRARY = "libc++";
				CLANG_ENABLE_MODULES = YES;
				CLANG_ENABLE_OBJC_ARC = YES;
				CLANG_WARN_BOOL_CONVERSION = YES;
				CLANG_WARN_CONSTANT_CONVERSION = YES;
				CLANG_WARN_DIRECT_OBJC_ISA_USAGE = YES_ERROR;
				CLANG_WARN_EMPTY_BODY = YES;
				CLANG_WARN_ENUM_CONVERSION = YES;
				CLANG_WARN_INT_CONVERSION = YES;
				CLANG_WARN_OBJC_ROOT_CLASS = YES_ERROR;
				CLANG_WARN_UNREACHABLE_CODE = YES;
				CLANG_WARN__DUPLICATE_METHOD_MATCH = YES;
				"CODE_SIGN_IDENTITY[sdk=iphoneos*]" = "iPhone Developer";
				COPY_PHASE_STRIP = NO;
				DEBUG_INFORMATION_FORMAT = "dwarf-with-dsym";
				ENABLE_NS_ASSERTIONS = NO;
				ENABLE_STRICT_OBJC_MSGSEND = YES;
				GCC_C_LANGUAGE_STANDARD = gnu99;
				GCC_NO_COMMON_BLOCKS = YES;
				GCC_WARN_64_TO_32_BIT_CONVERSION = YES;
				GCC_WARN_ABOUT_RETURN_TYPE = YES_ERROR;
				GCC_WARN_UNDECLARED_SELECTOR = YES;
				GCC_WARN_UNINITIALIZED_AUTOS = YES_AGGRESSIVE;
				GCC_WARN_UNUSED_FUNCTION = YES;
				GCC_WARN_UNUSED_VARIABLE = YES;
				IPHONEOS_DEPLOYMENT_TARGET = 9.3;
				MTL_ENABLE_DEBUG_INFO = NO;
				SDKROOT = iphoneos;
				TARGETED_DEVICE_FAMILY = 2;
				VALIDATE_PRODUCT = YES;
			};
			name = Release;
		};
		91AFE5251CEB0A9600BECC71 /* Debug */ = {
			isa = XCBuildConfiguration;
			buildSettings = {
				ASSETCATALOG_COMPILER_APPICON_NAME = AppIcon;
				INFOPLIST_FILE = AnimationsTest/Info.plist;
				LD_RUNPATH_SEARCH_PATHS = "$(inherited) @executable_path/Frameworks";
				PRODUCT_BUNDLE_IDENTIFIER = AL.AnimationsTest;
				PRODUCT_NAME = "$(TARGET_NAME)";
			};
			name = Debug;
		};
		91AFE5261CEB0A9600BECC71 /* Release */ = {
			isa = XCBuildConfiguration;
			buildSettings = {
				ASSETCATALOG_COMPILER_APPICON_NAME = AppIcon;
				INFOPLIST_FILE = AnimationsTest/Info.plist;
				LD_RUNPATH_SEARCH_PATHS = "$(inherited) @executable_path/Frameworks";
				PRODUCT_BUNDLE_IDENTIFIER = AL.AnimationsTest;
				PRODUCT_NAME = "$(TARGET_NAME)";
			};
			name = Release;
		};
		91AFE5281CEB0A9600BECC71 /* Debug */ = {
			isa = XCBuildConfiguration;
			buildSettings = {
				BUNDLE_LOADER = "$(TEST_HOST)";
				INFOPLIST_FILE = AnimationsTestTests/Info.plist;
				LD_RUNPATH_SEARCH_PATHS = "$(inherited) @executable_path/Frameworks @loader_path/Frameworks";
				PRODUCT_BUNDLE_IDENTIFIER = AL.AnimationsTestTests;
				PRODUCT_NAME = "$(TARGET_NAME)";
				TEST_HOST = "$(BUILT_PRODUCTS_DIR)/AnimationsTest.app/AnimationsTest";
			};
			name = Debug;
		};
		91AFE5291CEB0A9600BECC71 /* Release */ = {
			isa = XCBuildConfiguration;
			buildSettings = {
				BUNDLE_LOADER = "$(TEST_HOST)";
				INFOPLIST_FILE = AnimationsTestTests/Info.plist;
				LD_RUNPATH_SEARCH_PATHS = "$(inherited) @executable_path/Frameworks @loader_path/Frameworks";
				PRODUCT_BUNDLE_IDENTIFIER = AL.AnimationsTestTests;
				PRODUCT_NAME = "$(TARGET_NAME)";
				TEST_HOST = "$(BUILT_PRODUCTS_DIR)/AnimationsTest.app/AnimationsTest";
			};
			name = Release;
		};
		91AFE52B1CEB0A9600BECC71 /* Debug */ = {
			isa = XCBuildConfiguration;
			buildSettings = {
				INFOPLIST_FILE = AnimationsTestUITests/Info.plist;
				LD_RUNPATH_SEARCH_PATHS = "$(inherited) @executable_path/Frameworks @loader_path/Frameworks";
				PRODUCT_BUNDLE_IDENTIFIER = AL.AnimationsTestUITests;
				PRODUCT_NAME = "$(TARGET_NAME)";
				TEST_TARGET_NAME = AnimationsTest;
			};
			name = Debug;
		};
		91AFE52C1CEB0A9600BECC71 /* Release */ = {
			isa = XCBuildConfiguration;
			buildSettings = {
				INFOPLIST_FILE = AnimationsTestUITests/Info.plist;
				LD_RUNPATH_SEARCH_PATHS = "$(inherited) @executable_path/Frameworks @loader_path/Frameworks";
				PRODUCT_BUNDLE_IDENTIFIER = AL.AnimationsTestUITests;
				PRODUCT_NAME = "$(TARGET_NAME)";
				TEST_TARGET_NAME = AnimationsTest;
			};
			name = Release;
		};
/* End XCBuildConfiguration section */

/* Begin XCConfigurationList section */
		91AFE4F21CEB0A9600BECC71 /* Build configuration list for PBXProject "AnimationsTest" */ = {
			isa = XCConfigurationList;
			buildConfigurations = (
				91AFE5221CEB0A9600BECC71 /* Debug */,
				91AFE5231CEB0A9600BECC71 /* Release */,
			);
			defaultConfigurationIsVisible = 0;
			defaultConfigurationName = Release;
		};
		91AFE5241CEB0A9600BECC71 /* Build configuration list for PBXNativeTarget "AnimationsTest" */ = {
			isa = XCConfigurationList;
			buildConfigurations = (
				91AFE5251CEB0A9600BECC71 /* Debug */,
				91AFE5261CEB0A9600BECC71 /* Release */,
			);
			defaultConfigurationIsVisible = 0;
		};
		91AFE5271CEB0A9600BECC71 /* Build configuration list for PBXNativeTarget "AnimationsTestTests" */ = {
			isa = XCConfigurationList;
			buildConfigurations = (
				91AFE5281CEB0A9600BECC71 /* Debug */,
				91AFE5291CEB0A9600BECC71 /* Release */,
			);
			defaultConfigurationIsVisible = 0;
		};
		91AFE52A1CEB0A9600BECC71 /* Build configuration list for PBXNativeTarget "AnimationsTestUITests" */ = {
			isa = XCConfigurationList;
			buildConfigurations = (
				91AFE52B1CEB0A9600BECC71 /* Debug */,
				91AFE52C1CEB0A9600BECC71 /* Release */,
			);
			defaultConfigurationIsVisible = 0;
		};
/* End XCConfigurationList section */
	};
	rootObject = 91AFE4EF1CEB0A9600BECC71 /* Project object */;
}
