// !$*UTF8*$!
{
	archiveVersion = 1;
	classes = {
	};
	objectVersion = 46;
	objects = {

/* Begin PBXBuildFile section */
		91001EA51D5B2BBD00AF09B2 /* main.m in Sources */ = {isa = PBXBuildFile; fileRef = 91001EA41D5B2BBD00AF09B2 /* main.m */; };
		91001EA81D5B2BBD00AF09B2 /* AppDelegate.m in Sources */ = {isa = PBXBuildFile; fileRef = 91001EA71D5B2BBD00AF09B2 /* AppDelegate.m */; };
		91001EAB1D5B2BBD00AF09B2 /* ViewController.m in Sources */ = {isa = PBXBuildFile; fileRef = 91001EAA1D5B2BBD00AF09B2 /* ViewController.m */; };
		91001EAE1D5B2BBD00AF09B2 /* Main.storyboard in Resources */ = {isa = PBXBuildFile; fileRef = 91001EAC1D5B2BBD00AF09B2 /* Main.storyboard */; };
		91001EB01D5B2BBD00AF09B2 /* Assets.xcassets in Resources */ = {isa = PBXBuildFile; fileRef = 91001EAF1D5B2BBD00AF09B2 /* Assets.xcassets */; };
		91001EB31D5B2BBD00AF09B2 /* LaunchScreen.storyboard in Resources */ = {isa = PBXBuildFile; fileRef = 91001EB11D5B2BBD00AF09B2 /* LaunchScreen.storyboard */; };
		91001EBE1D5B2BBD00AF09B2 /* SearchTestTests.m in Sources */ = {isa = PBXBuildFile; fileRef = 91001EBD1D5B2BBD00AF09B2 /* SearchTestTests.m */; };
		91001EC91D5B2BBE00AF09B2 /* SearchTestUITests.m in Sources */ = {isa = PBXBuildFile; fileRef = 91001EC81D5B2BBE00AF09B2 /* SearchTestUITests.m */; };
		91001ED81D5B4DA700AF09B2 /* NSString+Random.m in Sources */ = {isa = PBXBuildFile; fileRef = 91001ED71D5B4DA700AF09B2 /* NSString+Random.m */; };
		91001EDB1D5B8CC600AF09B2 /* ALSection.m in Sources */ = {isa = PBXBuildFile; fileRef = 91001EDA1D5B8CC600AF09B2 /* ALSection.m */; };
/* End PBXBuildFile section */

/* Begin PBXContainerItemProxy section */
		91001EBA1D5B2BBD00AF09B2 /* PBXContainerItemProxy */ = {
			isa = PBXContainerItemProxy;
			containerPortal = 91001E981D5B2BBD00AF09B2 /* Project object */;
			proxyType = 1;
			remoteGlobalIDString = 91001E9F1D5B2BBD00AF09B2;
			remoteInfo = SearchTest;
		};
		91001EC51D5B2BBE00AF09B2 /* PBXContainerItemProxy */ = {
			isa = PBXContainerItemProxy;
			containerPortal = 91001E981D5B2BBD00AF09B2 /* Project object */;
			proxyType = 1;
			remoteGlobalIDString = 91001E9F1D5B2BBD00AF09B2;
			remoteInfo = SearchTest;
		};
/* End PBXContainerItemProxy section */

/* Begin PBXFileReference section */
		91001EA01D5B2BBD00AF09B2 /* SearchTest.app */ = {isa = PBXFileReference; explicitFileType = wrapper.application; includeInIndex = 0; path = SearchTest.app; sourceTree = BUILT_PRODUCTS_DIR; };
		91001EA41D5B2BBD00AF09B2 /* main.m */ = {isa = PBXFileReference; lastKnownFileType = sourcecode.c.objc; path = main.m; sourceTree = "<group>"; };
		91001EA61D5B2BBD00AF09B2 /* AppDelegate.h */ = {isa = PBXFileReference; lastKnownFileType = sourcecode.c.h; path = AppDelegate.h; sourceTree = "<group>"; };
		91001EA71D5B2BBD00AF09B2 /* AppDelegate.m */ = {isa = PBXFileReference; lastKnownFileType = sourcecode.c.objc; path = AppDelegate.m; sourceTree = "<group>"; };
		91001EA91D5B2BBD00AF09B2 /* ViewController.h */ = {isa = PBXFileReference; lastKnownFileType = sourcecode.c.h; path = ViewController.h; sourceTree = "<group>"; };
		91001EAA1D5B2BBD00AF09B2 /* ViewController.m */ = {isa = PBXFileReference; lastKnownFileType = sourcecode.c.objc; path = ViewController.m; sourceTree = "<group>"; xcLanguageSpecificationIdentifier = xcode.lang.objc; };
		91001EAD1D5B2BBD00AF09B2 /* Base */ = {isa = PBXFileReference; lastKnownFileType = file.storyboard; name = Base; path = Base.lproj/Main.storyboard; sourceTree = "<group>"; };
		91001EAF1D5B2BBD00AF09B2 /* Assets.xcassets */ = {isa = PBXFileReference; lastKnownFileType = folder.assetcatalog; path = Assets.xcassets; sourceTree = "<group>"; };
		91001EB21D5B2BBD00AF09B2 /* Base */ = {isa = PBXFileReference; lastKnownFileType = file.storyboard; name = Base; path = Base.lproj/LaunchScreen.storyboard; sourceTree = "<group>"; };
		91001EB41D5B2BBD00AF09B2 /* Info.plist */ = {isa = PBXFileReference; lastKnownFileType = text.plist.xml; path = Info.plist; sourceTree = "<group>"; };
		91001EB91D5B2BBD00AF09B2 /* SearchTestTests.xctest */ = {isa = PBXFileReference; explicitFileType = wrapper.cfbundle; includeInIndex = 0; path = SearchTestTests.xctest; sourceTree = BUILT_PRODUCTS_DIR; };
		91001EBD1D5B2BBD00AF09B2 /* SearchTestTests.m */ = {isa = PBXFileReference; lastKnownFileType = sourcecode.c.objc; path = SearchTestTests.m; sourceTree = "<group>"; };
		91001EBF1D5B2BBD00AF09B2 /* Info.plist */ = {isa = PBXFileReference; lastKnownFileType = text.plist.xml; path = Info.plist; sourceTree = "<group>"; };
		91001EC41D5B2BBE00AF09B2 /* SearchTestUITests.xctest */ = {isa = PBXFileReference; explicitFileType = wrapper.cfbundle; includeInIndex = 0; path = SearchTestUITests.xctest; sourceTree = BUILT_PRODUCTS_DIR; };
		91001EC81D5B2BBE00AF09B2 /* SearchTestUITests.m */ = {isa = PBXFileReference; lastKnownFileType = sourcecode.c.objc; path = SearchTestUITests.m; sourceTree = "<group>"; };
		91001ECA1D5B2BBE00AF09B2 /* Info.plist */ = {isa = PBXFileReference; lastKnownFileType = text.plist.xml; path = Info.plist; sourceTree = "<group>"; };
		91001ED61D5B4DA700AF09B2 /* NSString+Random.h */ = {isa = PBXFileReference; fileEncoding = 4; lastKnownFileType = sourcecode.c.h; path = "NSString+Random.h"; sourceTree = "<group>"; };
		91001ED71D5B4DA700AF09B2 /* NSString+Random.m */ = {isa = PBXFileReference; fileEncoding = 4; lastKnownFileType = sourcecode.c.objc; path = "NSString+Random.m"; sourceTree = "<group>"; };
		91001ED91D5B8CC600AF09B2 /* ALSection.h */ = {isa = PBXFileReference; fileEncoding = 4; lastKnownFileType = sourcecode.c.h; path = ALSection.h; sourceTree = "<group>"; };
		91001EDA1D5B8CC600AF09B2 /* ALSection.m */ = {isa = PBXFileReference; fileEncoding = 4; lastKnownFileType = sourcecode.c.objc; path = ALSection.m; sourceTree = "<group>"; };
/* End PBXFileReference section */

/* Begin PBXFrameworksBuildPhase section */
		91001E9D1D5B2BBD00AF09B2 /* Frameworks */ = {
			isa = PBXFrameworksBuildPhase;
			buildActionMask = 2147483647;
			files = (
			);
			runOnlyForDeploymentPostprocessing = 0;
		};
		91001EB61D5B2BBD00AF09B2 /* Frameworks */ = {
			isa = PBXFrameworksBuildPhase;
			buildActionMask = 2147483647;
			files = (
			);
			runOnlyForDeploymentPostprocessing = 0;
		};
		91001EC11D5B2BBE00AF09B2 /* Frameworks */ = {
			isa = PBXFrameworksBuildPhase;
			buildActionMask = 2147483647;
			files = (
			);
			runOnlyForDeploymentPostprocessing = 0;
		};
/* End PBXFrameworksBuildPhase section */

/* Begin PBXGroup section */
		91001E971D5B2BBD00AF09B2 = {
			isa = PBXGroup;
			children = (
				91001EA21D5B2BBD00AF09B2 /* SearchTest */,
				91001EBC1D5B2BBD00AF09B2 /* SearchTestTests */,
				91001EC71D5B2BBE00AF09B2 /* SearchTestUITests */,
				91001EA11D5B2BBD00AF09B2 /* Products */,
			);
			sourceTree = "<group>";
		};
		91001EA11D5B2BBD00AF09B2 /* Products */ = {
			isa = PBXGroup;
			children = (
				91001EA01D5B2BBD00AF09B2 /* SearchTest.app */,
				91001EB91D5B2BBD00AF09B2 /* SearchTestTests.xctest */,
				91001EC41D5B2BBE00AF09B2 /* SearchTestUITests.xctest */,
			);
			name = Products;
			sourceTree = "<group>";
		};
		91001EA21D5B2BBD00AF09B2 /* SearchTest */ = {
			isa = PBXGroup;
			children = (
				91001EA61D5B2BBD00AF09B2 /* AppDelegate.h */,
				91001EA71D5B2BBD00AF09B2 /* AppDelegate.m */,
				91001EA91D5B2BBD00AF09B2 /* ViewController.h */,
				91001EAA1D5B2BBD00AF09B2 /* ViewController.m */,
				91001ED91D5B8CC600AF09B2 /* ALSection.h */,
				91001EDA1D5B8CC600AF09B2 /* ALSection.m */,
				91001ED61D5B4DA700AF09B2 /* NSString+Random.h */,
				91001ED71D5B4DA700AF09B2 /* NSString+Random.m */,
				91001EAC1D5B2BBD00AF09B2 /* Main.storyboard */,
				91001EAF1D5B2BBD00AF09B2 /* Assets.xcassets */,
				91001EB11D5B2BBD00AF09B2 /* LaunchScreen.storyboard */,
				91001EB41D5B2BBD00AF09B2 /* Info.plist */,
				91001EA31D5B2BBD00AF09B2 /* Supporting Files */,
			);
			path = SearchTest;
			sourceTree = "<group>";
		};
		91001EA31D5B2BBD00AF09B2 /* Supporting Files */ = {
			isa = PBXGroup;
			children = (
				91001EA41D5B2BBD00AF09B2 /* main.m */,
			);
			name = "Supporting Files";
			sourceTree = "<group>";
		};
		91001EBC1D5B2BBD00AF09B2 /* SearchTestTests */ = {
			isa = PBXGroup;
			children = (
				91001EBD1D5B2BBD00AF09B2 /* SearchTestTests.m */,
				91001EBF1D5B2BBD00AF09B2 /* Info.plist */,
			);
			path = SearchTestTests;
			sourceTree = "<group>";
		};
		91001EC71D5B2BBE00AF09B2 /* SearchTestUITests */ = {
			isa = PBXGroup;
			children = (
				91001EC81D5B2BBE00AF09B2 /* SearchTestUITests.m */,
				91001ECA1D5B2BBE00AF09B2 /* Info.plist */,
			);
			path = SearchTestUITests;
			sourceTree = "<group>";
		};
/* End PBXGroup section */

/* Begin PBXNativeTarget section */
		91001E9F1D5B2BBD00AF09B2 /* SearchTest */ = {
			isa = PBXNativeTarget;
			buildConfigurationList = 91001ECD1D5B2BBE00AF09B2 /* Build configuration list for PBXNativeTarget "SearchTest" */;
			buildPhases = (
				91001E9C1D5B2BBD00AF09B2 /* Sources */,
				91001E9D1D5B2BBD00AF09B2 /* Frameworks */,
				91001E9E1D5B2BBD00AF09B2 /* Resources */,
			);
			buildRules = (
			);
			dependencies = (
			);
			name = SearchTest;
			productName = SearchTest;
			productReference = 91001EA01D5B2BBD00AF09B2 /* SearchTest.app */;
			productType = "com.apple.product-type.application";
		};
		91001EB81D5B2BBD00AF09B2 /* SearchTestTests */ = {
			isa = PBXNativeTarget;
			buildConfigurationList = 91001ED01D5B2BBE00AF09B2 /* Build configuration list for PBXNativeTarget "SearchTestTests" */;
			buildPhases = (
				91001EB51D5B2BBD00AF09B2 /* Sources */,
				91001EB61D5B2BBD00AF09B2 /* Frameworks */,
				91001EB71D5B2BBD00AF09B2 /* Resources */,
			);
			buildRules = (
			);
			dependencies = (
				91001EBB1D5B2BBD00AF09B2 /* PBXTargetDependency */,
			);
			name = SearchTestTests;
			productName = SearchTestTests;
			productReference = 91001EB91D5B2BBD00AF09B2 /* SearchTestTests.xctest */;
			productType = "com.apple.product-type.bundle.unit-test";
		};
		91001EC31D5B2BBE00AF09B2 /* SearchTestUITests */ = {
			isa = PBXNativeTarget;
			buildConfigurationList = 91001ED31D5B2BBE00AF09B2 /* Build configuration list for PBXNativeTarget "SearchTestUITests" */;
			buildPhases = (
				91001EC01D5B2BBE00AF09B2 /* Sources */,
				91001EC11D5B2BBE00AF09B2 /* Frameworks */,
				91001EC21D5B2BBE00AF09B2 /* Resources */,
			);
			buildRules = (
			);
			dependencies = (
				91001EC61D5B2BBE00AF09B2 /* PBXTargetDependency */,
			);
			name = SearchTestUITests;
			productName = SearchTestUITests;
			productReference = 91001EC41D5B2BBE00AF09B2 /* SearchTestUITests.xctest */;
			productType = "com.apple.product-type.bundle.ui-testing";
		};
/* End PBXNativeTarget section */

/* Begin PBXProject section */
		91001E981D5B2BBD00AF09B2 /* Project object */ = {
			isa = PBXProject;
			attributes = {
				LastUpgradeCheck = 0730;
				ORGANIZATIONNAME = "Artyom Linnik";
				TargetAttributes = {
					91001E9F1D5B2BBD00AF09B2 = {
						CreatedOnToolsVersion = 7.3.1;
						DevelopmentTeam = 4Q78V6U8FD;
					};
					91001EB81D5B2BBD00AF09B2 = {
						CreatedOnToolsVersion = 7.3.1;
						DevelopmentTeam = 4Q78V6U8FD;
						TestTargetID = 91001E9F1D5B2BBD00AF09B2;
					};
					91001EC31D5B2BBE00AF09B2 = {
						CreatedOnToolsVersion = 7.3.1;
						DevelopmentTeam = 4Q78V6U8FD;
						TestTargetID = 91001E9F1D5B2BBD00AF09B2;
					};
				};
			};
			buildConfigurationList = 91001E9B1D5B2BBD00AF09B2 /* Build configuration list for PBXProject "SearchTest" */;
			compatibilityVersion = "Xcode 3.2";
			developmentRegion = English;
			hasScannedForEncodings = 0;
			knownRegions = (
				en,
				Base,
			);
			mainGroup = 91001E971D5B2BBD00AF09B2;
			productRefGroup = 91001EA11D5B2BBD00AF09B2 /* Products */;
			projectDirPath = "";
			projectRoot = "";
			targets = (
				91001E9F1D5B2BBD00AF09B2 /* SearchTest */,
				91001EB81D5B2BBD00AF09B2 /* SearchTestTests */,
				91001EC31D5B2BBE00AF09B2 /* SearchTestUITests */,
			);
		};
/* End PBXProject section */

/* Begin PBXResourcesBuildPhase section */
		91001E9E1D5B2BBD00AF09B2 /* Resources */ = {
			isa = PBXResourcesBuildPhase;
			buildActionMask = 2147483647;
			files = (
				91001EB31D5B2BBD00AF09B2 /* LaunchScreen.storyboard in Resources */,
				91001EB01D5B2BBD00AF09B2 /* Assets.xcassets in Resources */,
				91001EAE1D5B2BBD00AF09B2 /* Main.storyboard in Resources */,
			);
			runOnlyForDeploymentPostprocessing = 0;
		};
		91001EB71D5B2BBD00AF09B2 /* Resources */ = {
			isa = PBXResourcesBuildPhase;
			buildActionMask = 2147483647;
			files = (
			);
			runOnlyForDeploymentPostprocessing = 0;
		};
		91001EC21D5B2BBE00AF09B2 /* Resources */ = {
			isa = PBXResourcesBuildPhase;
			buildActionMask = 2147483647;
			files = (
			);
			runOnlyForDeploymentPostprocessing = 0;
		};
/* End PBXResourcesBuildPhase section */

/* Begin PBXSourcesBuildPhase section */
		91001E9C1D5B2BBD00AF09B2 /* Sources */ = {
			isa = PBXSourcesBuildPhase;
			buildActionMask = 2147483647;
			files = (
				91001ED81D5B4DA700AF09B2 /* NSString+Random.m in Sources */,
				91001EDB1D5B8CC600AF09B2 /* ALSection.m in Sources */,
				91001EAB1D5B2BBD00AF09B2 /* ViewController.m in Sources */,
				91001EA81D5B2BBD00AF09B2 /* AppDelegate.m in Sources */,
				91001EA51D5B2BBD00AF09B2 /* main.m in Sources */,
			);
			runOnlyForDeploymentPostprocessing = 0;
		};
		91001EB51D5B2BBD00AF09B2 /* Sources */ = {
			isa = PBXSourcesBuildPhase;
			buildActionMask = 2147483647;
			files = (
				91001EBE1D5B2BBD00AF09B2 /* SearchTestTests.m in Sources */,
			);
			runOnlyForDeploymentPostprocessing = 0;
		};
		91001EC01D5B2BBE00AF09B2 /* Sources */ = {
			isa = PBXSourcesBuildPhase;
			buildActionMask = 2147483647;
			files = (
				91001EC91D5B2BBE00AF09B2 /* SearchTestUITests.m in Sources */,
			);
			runOnlyForDeploymentPostprocessing = 0;
		};
/* End PBXSourcesBuildPhase section */

/* Begin PBXTargetDependency section */
		91001EBB1D5B2BBD00AF09B2 /* PBXTargetDependency */ = {
			isa = PBXTargetDependency;
			target = 91001E9F1D5B2BBD00AF09B2 /* SearchTest */;
			targetProxy = 91001EBA1D5B2BBD00AF09B2 /* PBXContainerItemProxy */;
		};
		91001EC61D5B2BBE00AF09B2 /* PBXTargetDependency */ = {
			isa = PBXTargetDependency;
			target = 91001E9F1D5B2BBD00AF09B2 /* SearchTest */;
			targetProxy = 91001EC51D5B2BBE00AF09B2 /* PBXContainerItemProxy */;
		};
/* End PBXTargetDependency section */

/* Begin PBXVariantGroup section */
		91001EAC1D5B2BBD00AF09B2 /* Main.storyboard */ = {
			isa = PBXVariantGroup;
			children = (
				91001EAD1D5B2BBD00AF09B2 /* Base */,
			);
			name = Main.storyboard;
			sourceTree = "<group>";
		};
		91001EB11D5B2BBD00AF09B2 /* LaunchScreen.storyboard */ = {
			isa = PBXVariantGroup;
			children = (
				91001EB21D5B2BBD00AF09B2 /* Base */,
			);
			name = LaunchScreen.storyboard;
			sourceTree = "<group>";
		};
/* End PBXVariantGroup section */

/* Begin XCBuildConfiguration section */
		91001ECB1D5B2BBE00AF09B2 /* Debug */ = {
			isa = XCBuildConfiguration;
			buildSettings = {
				ALWAYS_SEARCH_USER_PATHS = NO;
				CLANG_ANALYZER_NONNULL = YES;
				CLANG_CXX_LANGUAGE_STANDARD = "gnu++0x";
				CLANG_CXX_LIBRARY = "libc++";
				CLANG_ENABLE_MODULES = YES;
				CLANG_ENABLE_OBJC_ARC = YES;
				CLANG_WARN_BOOL_CONVERSION = YES;
				CLANG_WARN_CONSTANT_CONVERSION = YES;
				CLANG_WARN_DIRECT_OBJC_ISA_USAGE = YES_ERROR;
				CLANG_WARN_EMPTY_BODY = YES;
				CLANG_WARN_ENUM_CONVERSION = YES;
				CLANG_WARN_INT_CONVERSION = YES;
				CLANG_WARN_OBJC_ROOT_CLASS = YES_ERROR;
				CLANG_WARN_UNREACHABLE_CODE = YES;
				CLANG_WARN__DUPLICATE_METHOD_MATCH = YES;
				"CODE_SIGN_IDENTITY[sdk=iphoneos*]" = "iPhone Developer";
				COPY_PHASE_STRIP = NO;
				DEBUG_INFORMATION_FORMAT = dwarf;
				ENABLE_STRICT_OBJC_MSGSEND = YES;
				ENABLE_TESTABILITY = YES;
				GCC_C_LANGUAGE_STANDARD = gnu99;
				GCC_DYNAMIC_NO_PIC = NO;
				GCC_NO_COMMON_BLOCKS = YES;
				GCC_OPTIMIZATION_LEVEL = 0;
				GCC_PREPROCESSOR_DEFINITIONS = (
					"DEBUG=1",
					"$(inherited)",
				);
				GCC_WARN_64_TO_32_BIT_CONVERSION = YES;
				GCC_WARN_ABOUT_RETURN_TYPE = YES_ERROR;
				GCC_WARN_UNDECLARED_SELECTOR = YES;
				GCC_WARN_UNINITIALIZED_AUTOS = YES_AGGRESSIVE;
				GCC_WARN_UNUSED_FUNCTION = YES;
				GCC_WARN_UNUSED_VARIABLE = YES;
				IPHONEOS_DEPLOYMENT_TARGET = 9.3;
				MTL_ENABLE_DEBUG_INFO = YES;
				ONLY_ACTIVE_ARCH = YES;
				SDKROOT = iphoneos;
			};
			name = Debug;
		};
		91001ECC1D5B2BBE00AF09B2 /* Release */ = {
			isa = XCBuildConfiguration;
			buildSettings = {
				ALWAYS_SEARCH_USER_PATHS = NO;
				CLANG_ANALYZER_NONNULL = YES;
				CLANG_CXX_LANGUAGE_STANDARD = "gnu++0x";
				CLANG_CXX_LIBRARY = "libc++";
				CLANG_ENABLE_MODULES = YES;
				CLANG_ENABLE_OBJC_ARC = YES;
				CLANG_WARN_BOOL_CONVERSION = YES;
				CLANG_WARN_CONSTANT_CONVERSION = YES;
				CLANG_WARN_DIRECT_OBJC_ISA_USAGE = YES_ERROR;
				CLANG_WARN_EMPTY_BODY = YES;
				CLANG_WARN_ENUM_CONVERSION = YES;
				CLANG_WARN_INT_CONVERSION = YES;
				CLANG_WARN_OBJC_ROOT_CLASS = YES_ERROR;
				CLANG_WARN_UNREACHABLE_CODE = YES;
				CLANG_WARN__DUPLICATE_METHOD_MATCH = YES;
				"CODE_SIGN_IDENTITY[sdk=iphoneos*]" = "iPhone Developer";
				COPY_PHASE_STRIP = NO;
				DEBUG_INFORMATION_FORMAT = "dwarf-with-dsym";
				ENABLE_NS_ASSERTIONS = NO;
				ENABLE_STRICT_OBJC_MSGSEND = YES;
				GCC_C_LANGUAGE_STANDARD = gnu99;
				GCC_NO_COMMON_BLOCKS = YES;
				GCC_WARN_64_TO_32_BIT_CONVERSION = YES;
				GCC_WARN_ABOUT_RETURN_TYPE = YES_ERROR;
				GCC_WARN_UNDECLARED_SELECTOR = YES;
				GCC_WARN_UNINITIALIZED_AUTOS = YES_AGGRESSIVE;
				GCC_WARN_UNUSED_FUNCTION = YES;
				GCC_WARN_UNUSED_VARIABLE = YES;
				IPHONEOS_DEPLOYMENT_TARGET = 9.3;
				MTL_ENABLE_DEBUG_INFO = NO;
				SDKROOT = iphoneos;
				VALIDATE_PRODUCT = YES;
			};
			name = Release;
		};
		91001ECE1D5B2BBE00AF09B2 /* Debug */ = {
			isa = XCBuildConfiguration;
			buildSettings = {
				ASSETCATALOG_COMPILER_APPICON_NAME = AppIcon;
				INFOPLIST_FILE = SearchTest/Info.plist;
				LD_RUNPATH_SEARCH_PATHS = "$(inherited) @executable_path/Frameworks";
				PRODUCT_BUNDLE_IDENTIFIER = AL.SearchTest;
				PRODUCT_NAME = "$(TARGET_NAME)";
			};
			name = Debug;
		};
		91001ECF1D5B2BBE00AF09B2 /* Release */ = {
			isa = XCBuildConfiguration;
			buildSettings = {
				ASSETCATALOG_COMPILER_APPICON_NAME = AppIcon;
				INFOPLIST_FILE = SearchTest/Info.plist;
				LD_RUNPATH_SEARCH_PATHS = "$(inherited) @executable_path/Frameworks";
				PRODUCT_BUNDLE_IDENTIFIER = AL.SearchTest;
				PRODUCT_NAME = "$(TARGET_NAME)";
			};
			name = Release;
		};
		91001ED11D5B2BBE00AF09B2 /* Debug */ = {
			isa = XCBuildConfiguration;
			buildSettings = {
				BUNDLE_LOADER = "$(TEST_HOST)";
				INFOPLIST_FILE = SearchTestTests/Info.plist;
				LD_RUNPATH_SEARCH_PATHS = "$(inherited) @executable_path/Frameworks @loader_path/Frameworks";
				PRODUCT_BUNDLE_IDENTIFIER = AL.SearchTestTests;
				PRODUCT_NAME = "$(TARGET_NAME)";
				TEST_HOST = "$(BUILT_PRODUCTS_DIR)/SearchTest.app/SearchTest";
			};
			name = Debug;
		};
		91001ED21D5B2BBE00AF09B2 /* Release */ = {
			isa = XCBuildConfiguration;
			buildSettings = {
				BUNDLE_LOADER = "$(TEST_HOST)";
				INFOPLIST_FILE = SearchTestTests/Info.plist;
				LD_RUNPATH_SEARCH_PATHS = "$(inherited) @executable_path/Frameworks @loader_path/Frameworks";
				PRODUCT_BUNDLE_IDENTIFIER = AL.SearchTestTests;
				PRODUCT_NAME = "$(TARGET_NAME)";
				TEST_HOST = "$(BUILT_PRODUCTS_DIR)/SearchTest.app/SearchTest";
			};
			name = Release;
		};
		91001ED41D5B2BBE00AF09B2 /* Debug */ = {
			isa = XCBuildConfiguration;
			buildSettings = {
				INFOPLIST_FILE = SearchTestUITests/Info.plist;
				LD_RUNPATH_SEARCH_PATHS = "$(inherited) @executable_path/Frameworks @loader_path/Frameworks";
				PRODUCT_BUNDLE_IDENTIFIER = AL.SearchTestUITests;
				PRODUCT_NAME = "$(TARGET_NAME)";
				TEST_TARGET_NAME = SearchTest;
			};
			name = Debug;
		};
		91001ED51D5B2BBE00AF09B2 /* Release */ = {
			isa = XCBuildConfiguration;
			buildSettings = {
				INFOPLIST_FILE = SearchTestUITests/Info.plist;
				LD_RUNPATH_SEARCH_PATHS = "$(inherited) @executable_path/Frameworks @loader_path/Frameworks";
				PRODUCT_BUNDLE_IDENTIFIER = AL.SearchTestUITests;
				PRODUCT_NAME = "$(TARGET_NAME)";
				TEST_TARGET_NAME = SearchTest;
			};
			name = Release;
		};
/* End XCBuildConfiguration section */

/* Begin XCConfigurationList section */
		91001E9B1D5B2BBD00AF09B2 /* Build configuration list for PBXProject "SearchTest" */ = {
			isa = XCConfigurationList;
			buildConfigurations = (
				91001ECB1D5B2BBE00AF09B2 /* Debug */,
				91001ECC1D5B2BBE00AF09B2 /* Release */,
			);
			defaultConfigurationIsVisible = 0;
			defaultConfigurationName = Release;
		};
		91001ECD1D5B2BBE00AF09B2 /* Build configuration list for PBXNativeTarget "SearchTest" */ = {
			isa = XCConfigurationList;
			buildConfigurations = (
				91001ECE1D5B2BBE00AF09B2 /* Debug */,
				91001ECF1D5B2BBE00AF09B2 /* Release */,
			);
			defaultConfigurationIsVisible = 0;
		};
		91001ED01D5B2BBE00AF09B2 /* Build configuration list for PBXNativeTarget "SearchTestTests" */ = {
			isa = XCConfigurationList;
			buildConfigurations = (
				91001ED11D5B2BBE00AF09B2 /* Debug */,
				91001ED21D5B2BBE00AF09B2 /* Release */,
			);
			defaultConfigurationIsVisible = 0;
		};
		91001ED31D5B2BBE00AF09B2 /* Build configuration list for PBXNativeTarget "SearchTestUITests" */ = {
			isa = XCConfigurationList;
			buildConfigurations = (
				91001ED41D5B2BBE00AF09B2 /* Debug */,
				91001ED51D5B2BBE00AF09B2 /* Release */,
			);
			defaultConfigurationIsVisible = 0;
		};
/* End XCConfigurationList section */
	};
	rootObject = 91001E981D5B2BBD00AF09B2 /* Project object */;
}
